{
  "lockVersion" : 1,
  "timestamp" : "2025-11-12T14:43:16.612349Z",
  "configurations" : [
    "compile",
    "optional",
    "protobuf",
    "provided",
    "runtime",
    "scalafix",
    "test"
  ],
  "dependencies" : [
    {
      "org" : "co.fs2",
      "name" : "fs2-core_3",
      "version" : "3.11.0",
      "artifacts" : [
        {
          "name" : "fs2-core_3.jar",
          "hash" : "sha1:329c2b8bc537d770dbff80b774fdd1d247f99bc8"
        }
      ],
      "configurations" : [
        "compile",
        "runtime",
        "test"
      ]
    },
    {
      "org" : "co.fs2",
      "name" : "fs2-io_3",
      "version" : "3.11.0",
      "artifacts" : [
        {
          "name" : "fs2-io_3.jar",
          "hash" : "sha1:5509f848735e39277dff96668ceb2f253cf6017a"
        }
      ],
      "configurations" : [
        "compile",
        "runtime",
        "test"
      ]
    },
    {
      "org" : "com.comcast",
      "name" : "ip4s-core_3",
      "version" : "3.6.0",
      "artifacts" : [
        {
          "name" : "ip4s-core_3.jar",
          "hash" : "sha1:a10a19c26ca4cb065f79c315f1b9724a039c98eb"
        }
      ],
      "configurations" : [
        "compile",
        "runtime",
        "test"
      ]
    },
    {
      "org" : "com.google.protobuf",
      "name" : "protobuf-java",
      "version" : "4.33.0",
      "artifacts" : [
        {
          "name" : "protobuf-java.jar",
          "hash" : "sha1:5f82a81e6e7b6b7434d05a7bdd666b84d9eb0bc5"
        }
      ],
      "configurations" : [
        "compile",
        "runtime",
        "test"
      ]
    },
    {
      "org" : "com.softwaremill.sttp.client3",
      "name" : "async-http-client-backend-cats_3",
      "version" : "3.11.0",
      "artifacts" : [
        {
          "name" : "async-http-client-backend-cats_3.jar",
          "hash" : "sha1:089c41119208c39681c6b89cb0f90e3b66ba7603"
        }
      ],
      "configurations" : [
        "test"
      ]
    },
    {
      "org" : "com.softwaremill.sttp.client3",
      "name" : "async-http-client-backend_3",
      "version" : "3.11.0",
      "artifacts" : [
        {
          "name" : "async-http-client-backend_3.jar",
          "hash" : "sha1:0ecfaabdf62f6a28ba60956b0eb7bb02b211ba95"
        }
      ],
      "configurations" : [
        "test"
      ]
    },
    {
      "org" : "com.softwaremill.sttp.client3",
      "name" : "cats_3",
      "version" : "3.11.0",
      "artifacts" : [
        {
          "name" : "cats_3.jar",
          "hash" : "sha1:1d335c05c8bc4eeb6e55b8334cdb47d66ebef38a"
        }
      ],
      "configurations" : [
        "test"
      ]
    },
    {
      "org" : "com.softwaremill.sttp.client3",
      "name" : "circe_3",
      "version" : "3.11.0",
      "artifacts" : [
        {
          "name" : "circe_3.jar",
          "hash" : "sha1:7f78c2306e9526e3e3d64eee77bdf6956d6bcb4d"
        }
      ],
      "configurations" : [
        "compile",
        "runtime",
        "test"
      ]
    },
    {
      "org" : "com.softwaremill.sttp.client3",
      "name" : "core_3",
      "version" : "3.11.0",
      "artifacts" : [
        {
          "name" : "core_3.jar",
          "hash" : "sha1:86b9ac6f2b87191a15cfc63d63c4ead31618ccdf"
        }
      ],
      "configurations" : [
        "compile",
        "runtime",
        "test"
      ]
    },
    {
      "org" : "com.softwaremill.sttp.client3",
      "name" : "json-common_3",
      "version" : "3.11.0",
      "artifacts" : [
        {
          "name" : "json-common_3.jar",
          "hash" : "sha1:e481c5b923dd4bd3082ab659fe2538d6e4f1f092"
        }
      ],
      "configurations" : [
        "compile",
        "runtime",
        "test"
      ]
    },
    {
      "org" : "com.softwaremill.sttp.model",
      "name" : "core_3",
      "version" : "1.7.11",
      "artifacts" : [
        {
          "name" : "core_3.jar",
          "hash" : "sha1:2df6fab5e2e7abc1011d90f25c872955081a3f9a"
        }
      ],
      "configurations" : [
        "compile",
        "runtime",
        "test"
      ]
    },
    {
      "org" : "com.softwaremill.sttp.shared",
      "name" : "core_3",
      "version" : "1.3.22",
      "artifacts" : [
        {
          "name" : "core_3.jar",
          "hash" : "sha1:c28eb7ad0623543d1e6384681c7b457e35b6cd9d"
        }
      ],
      "configurations" : [
        "compile",
        "runtime",
        "test"
      ]
    },
    {
      "org" : "com.softwaremill.sttp.shared",
      "name" : "ws_3",
      "version" : "1.3.22",
      "artifacts" : [
        {
          "name" : "ws_3.jar",
          "hash" : "sha1:d707b964dad7b920454603899f51cef86f45104f"
        }
      ],
      "configurations" : [
        "compile",
        "runtime",
        "test"
      ]
    },
    {
      "org" : "com.sun.activation",
      "name" : "jakarta.activation",
      "version" : "1.2.2",
      "artifacts" : [
        {
          "name" : "jakarta.activation.jar",
          "hash" : "sha1:74548703f9851017ce2f556066659438019e7eb5"
        }
      ],
      "configurations" : [
        "test"
      ]
    },
    {
      "org" : "com.typesafe.netty",
      "name" : "netty-reactive-streams",
      "version" : "2.0.4",
      "artifacts" : [
        {
          "name" : "netty-reactive-streams.jar",
          "hash" : "sha1:0f77c8eaa7d5e2f2160b6d21ba385cf726f164b2"
        }
      ],
      "configurations" : [
        "test"
      ]
    },
    {
      "org" : "commons-io",
      "name" : "commons-io",
      "version" : "2.18.0",
      "artifacts" : [
        {
          "name" : "commons-io.jar",
          "hash" : "sha1:44084ef756763795b31c578403dd028ff4a22950"
        }
      ],
      "configurations" : [
        "compile",
        "runtime",
        "test"
      ]
    },
    {
      "org" : "io.circe",
      "name" : "circe-core_3",
      "version" : "0.14.15",
      "artifacts" : [
        {
          "name" : "circe-core_3.jar",
          "hash" : "sha1:419f36ad18d898db4f9099b7c3b848cf4a70ee91"
        }
      ],
      "configurations" : [
        "compile",
        "runtime",
        "test"
      ]
    },
    {
      "org" : "io.circe",
      "name" : "circe-generic_3",
      "version" : "0.14.15",
      "artifacts" : [
        {
          "name" : "circe-generic_3.jar",
          "hash" : "sha1:092598c81053ab0513e77cc28c2091996be06c72"
        }
      ],
      "configurations" : [
        "compile",
        "runtime",
        "test"
      ]
    },
    {
      "org" : "io.circe",
      "name" : "circe-jawn_3",
      "version" : "0.14.15",
      "artifacts" : [
        {
          "name" : "circe-jawn_3.jar",
          "hash" : "sha1:1a63c86e8b25de92c23f74c9cb242187d1ebbb92"
        }
      ],
      "configurations" : [
        "compile",
        "runtime",
        "test"
      ]
    },
    {
      "org" : "io.circe",
      "name" : "circe-literal_3",
      "version" : "0.14.15",
      "artifacts" : [
        {
          "name" : "circe-literal_3.jar",
          "hash" : "sha1:dc03776ed359ebb723a858eb35a37a560f304066"
        }
      ],
      "configurations" : [
        "test"
      ]
    },
    {
      "org" : "io.circe",
      "name" : "circe-numbers_3",
      "version" : "0.14.15",
      "artifacts" : [
        {
          "name" : "circe-numbers_3.jar",
          "hash" : "sha1:159ad7a660d6d870499573689751413e9b6abcc8"
        }
      ],
      "configurations" : [
        "compile",
        "runtime",
        "test"
      ]
    },
    {
      "org" : "io.circe",
      "name" : "circe-parser_3",
      "version" : "0.14.15",
      "artifacts" : [
        {
          "name" : "circe-parser_3.jar",
          "hash" : "sha1:3af99f3d58a59482ec4069cf2d7ed549eaa3ffcf"
        }
      ],
      "configurations" : [
        "compile",
        "runtime",
        "test"
      ]
    },
    {
      "org" : "io.netty",
      "name" : "netty-buffer",
      "version" : "4.1.60.Final",
      "artifacts" : [
        {
          "name" : "netty-buffer.jar",
          "hash" : "sha1:9d213d090deeca2541ad6827eb3345bcd6e1e701"
        }
      ],
      "configurations" : [
        "test"
      ]
    },
    {
      "org" : "io.netty",
      "name" : "netty-codec",
      "version" : "4.1.60.Final",
      "artifacts" : [
        {
          "name" : "netty-codec.jar",
          "hash" : "sha1:b740d51babe3312a33b505cd8b62c02f3731b2e3"
        }
      ],
      "configurations" : [
        "test"
      ]
    },
    {
      "org" : "io.netty",
      "name" : "netty-codec-http",
      "version" : "4.1.60.Final",
      "artifacts" : [
        {
          "name" : "netty-codec-http.jar",
          "hash" : "sha1:354ca712f909fcd9d8a22e16bf84afcfdc44ec8d"
        }
      ],
      "configurations" : [
        "test"
      ]
    },
    {
      "org" : "io.netty",
      "name" : "netty-codec-socks",
      "version" : "4.1.60.Final",
      "artifacts" : [
        {
          "name" : "netty-codec-socks.jar",
          "hash" : "sha1:6f4573281df659265bd709fd10471c3e00ef6c70"
        }
      ],
      "configurations" : [
        "test"
      ]
    },
    {
      "org" : "io.netty",
      "name" : "netty-common",
      "version" : "4.1.60.Final",
      "artifacts" : [
        {
          "name" : "netty-common.jar",
          "hash" : "sha1:44540113f7148f1014be879663501db8da1c37b0"
        }
      ],
      "configurations" : [
        "test"
      ]
    },
    {
      "org" : "io.netty",
      "name" : "netty-handler",
      "version" : "4.1.60.Final",
      "artifacts" : [
        {
          "name" : "netty-handler.jar",
          "hash" : "sha1:14e28bab0173be10c9631a85069636a0d0221dfe"
        }
      ],
      "configurations" : [
        "test"
      ]
    },
    {
      "org" : "io.netty",
      "name" : "netty-handler-proxy",
      "version" : "4.1.60.Final",
      "artifacts" : [
        {
          "name" : "netty-handler-proxy.jar",
          "hash" : "sha1:2352f12826400e5db64b36fd951508ce9a61c196"
        }
      ],
      "configurations" : [
        "test"
      ]
    },
    {
      "org" : "io.netty",
      "name" : "netty-resolver",
      "version" : "4.1.60.Final",
      "artifacts" : [
        {
          "name" : "netty-resolver.jar",
          "hash" : "sha1:caba5004618d27386ee9d5ee8b23b09b6548fb0b"
        }
      ],
      "configurations" : [
        "test"
      ]
    },
    {
      "org" : "io.netty",
      "name" : "netty-transport",
      "version" : "4.1.60.Final",
      "artifacts" : [
        {
          "name" : "netty-transport.jar",
          "hash" : "sha1:94350c81cc7a78212fb0f52a500f22d1aa9c44d8"
        }
      ],
      "configurations" : [
        "test"
      ]
    },
    {
      "org" : "org.asynchttpclient",
      "name" : "async-http-client",
      "version" : "2.12.4",
      "artifacts" : [
        {
          "name" : "async-http-client.jar",
          "hash" : "sha1:c7ac461afff5c792af9557b11b334e139fc4f426"
        }
      ],
      "configurations" : [
        "test"
      ]
    },
    {
      "org" : "org.asynchttpclient",
      "name" : "async-http-client-netty-utils",
      "version" : "2.12.4",
      "artifacts" : [
        {
          "name" : "async-http-client-netty-utils.jar",
          "hash" : "sha1:dd226dcacb3b14ca1a8ce73c5c5c9ec6e2444dd2"
        }
      ],
      "configurations" : [
        "test"
      ]
    },
    {
      "org" : "org.eclipse.jetty",
      "name" : "jetty-http",
      "version" : "11.0.25",
      "artifacts" : [
        {
          "name" : "jetty-http.jar",
          "hash" : "sha1:1c33e326c11d9db04b134d070d600418f818809d"
        }
      ],
      "configurations" : [
        "test"
      ]
    },
    {
      "org" : "org.eclipse.jetty",
      "name" : "jetty-io",
      "version" : "11.0.25",
      "artifacts" : [
        {
          "name" : "jetty-io.jar",
          "hash" : "sha1:0175602210a8b3fe4a8cc55c07d4b2041daff70e"
        }
      ],
      "configurations" : [
        "test"
      ]
    },
    {
      "org" : "org.eclipse.jetty",
      "name" : "jetty-security",
      "version" : "11.0.25",
      "artifacts" : [
        {
          "name" : "jetty-security.jar",
          "hash" : "sha1:1698e2bcf1dd06785ded55fd4346bb9adafd64b6"
        }
      ],
      "configurations" : [
        "test"
      ]
    },
    {
      "org" : "org.eclipse.jetty",
      "name" : "jetty-server",
      "version" : "11.0.25",
      "artifacts" : [
        {
          "name" : "jetty-server.jar",
          "hash" : "sha1:0851d4e5d920bc14ba8e00117add2b37f4c1ce96"
        }
      ],
      "configurations" : [
        "test"
      ]
    },
    {
      "org" : "org.eclipse.jetty",
      "name" : "jetty-servlet",
      "version" : "11.0.25",
      "artifacts" : [
        {
          "name" : "jetty-servlet.jar",
          "hash" : "sha1:76a1ea0dcd771797ce3c230809918f5a91e9b80f"
        }
      ],
      "configurations" : [
        "test"
      ]
    },
    {
      "org" : "org.eclipse.jetty",
      "name" : "jetty-util",
      "version" : "11.0.25",
      "artifacts" : [
        {
          "name" : "jetty-util.jar",
          "hash" : "sha1:1f725375a296fed1ec126125165c5d7ae7629437"
        }
      ],
      "configurations" : [
        "test"
      ]
    },
    {
      "org" : "org.eclipse.jetty.toolchain",
      "name" : "jetty-jakarta-servlet-api",
      "version" : "5.0.2",
      "artifacts" : [
        {
          "name" : "jetty-jakarta-servlet-api.jar",
          "hash" : "sha1:027fce6d666a203526236d33d00e202a4136230f"
        }
      ],
      "configurations" : [
        "test"
      ]
    },
    {
      "org" : "org.reactivestreams",
      "name" : "reactive-streams",
      "version" : "1.0.3",
      "artifacts" : [
        {
          "name" : "reactive-streams.jar",
          "hash" : "sha1:d9fb7a7926ffa635b3dcaa5049fb2bfa25b3e7d0"
        }
      ],
      "configurations" : [
        "test"
      ]
    },
    {
      "org" : "org.scala-lang",
      "name" : "scala-library",
      "version" : "2.13.16",
      "artifacts" : [
        {
          "name" : "scala-library.jar",
          "hash" : "sha1:9e064d9304904fd7b6bd2b55a9e601b8c1c9006e"
        }
      ],
      "configurations" : [
        "compile",
        "runtime",
        "test"
      ]
    },
    {
      "org" : "org.scala-lang",
      "name" : "scala3-library_3",
      "version" : "3.3.6",
      "artifacts" : [
        {
          "name" : "scala3-library_3.jar",
          "hash" : "sha1:034bb6603c8cbc4ef4b13b4e5a48636f00b3a35b"
        }
      ],
      "configurations" : [
        "compile",
        "runtime",
        "test"
      ]
    },
    {
      "org" : "org.scala-lang.modules",
      "name" : "scala-collection-compat_3",
      "version" : "2.11.0",
      "artifacts" : [
        {
          "name" : "scala-collection-compat_3.jar",
          "hash" : "sha1:dccc0fe9416577811b2c43a042040d5eb62bfa6e"
        }
      ],
      "configurations" : [
        "compile",
        "runtime",
        "test"
      ]
    },
    {
      "org" : "org.scala-lang.modules",
      "name" : "scala-xml_3",
      "version" : "2.1.0",
      "artifacts" : [
        {
          "name" : "scala-xml_3.jar",
          "hash" : "sha1:08825dfc740fdf5b0b3900ee7b62cdbfea3483b8"
        }
      ],
      "configurations" : [
        "test"
      ]
    },
    {
      "org" : "org.scala-sbt",
      "name" : "test-interface",
      "version" : "1.0",
      "artifacts" : [
        {
          "name" : "test-interface.jar",
          "hash" : "sha1:0a3f14d010c4cb32071f863d97291df31603b521"
        }
      ],
      "configurations" : [
        "test"
      ]
    },
    {
      "org" : "org.scalacheck",
      "name" : "scalacheck_3",
      "version" : "1.17.1",
      "artifacts" : [
        {
          "name" : "scalacheck_3.jar",
          "hash" : "sha1:52175d940be7d6801716c1ce307f22be91aab0b8"
        }
      ],
      "configurations" : [
        "test"
      ]
    },
    {
      "org" : "org.scalactic",
      "name" : "scalactic_3",
      "version" : "3.2.19",
      "artifacts" : [
        {
          "name" : "scalactic_3.jar",
          "hash" : "sha1:568eeb37bc037ecabce2b232b5f5870eee033c7f"
        }
      ],
      "configurations" : [
        "test"
      ]
    },
    {
      "org" : "org.scalatest",
      "name" : "scalatest-compatible",
      "version" : "3.2.19",
      "artifacts" : [
        {
          "name" : "scalatest-compatible.jar",
          "hash" : "sha1:609bc82cc06a1322f60039a81fc003ee81d7064f"
        }
      ],
      "configurations" : [
        "test"
      ]
    },
    {
      "org" : "org.scalatest",
      "name" : "scalatest-core_3",
      "version" : "3.2.19",
      "artifacts" : [
        {
          "name" : "scalatest-core_3.jar",
          "hash" : "sha1:dbdada24120fcfca3e5391c590b84372b25a51b3"
        }
      ],
      "configurations" : [
        "test"
      ]
    },
    {
      "org" : "org.scalatest",
      "name" : "scalatest-diagrams_3",
      "version" : "3.2.19",
      "artifacts" : [
        {
          "name" : "scalatest-diagrams_3.jar",
          "hash" : "sha1:45e41a48bbee2a1d4d4008d08720e2368c0e9e82"
        }
      ],
      "configurations" : [
        "test"
      ]
    },
    {
      "org" : "org.scalatest",
      "name" : "scalatest-featurespec_3",
      "version" : "3.2.19",
      "artifacts" : [
        {
          "name" : "scalatest-featurespec_3.jar",
          "hash" : "sha1:2afa0ba275c6b24f9cd27fb71da7d222b43591ca"
        }
      ],
      "configurations" : [
        "test"
      ]
    },
    {
      "org" : "org.scalatest",
      "name" : "scalatest-flatspec_3",
      "version" : "3.2.19",
      "artifacts" : [
        {
          "name" : "scalatest-flatspec_3.jar",
          "hash" : "sha1:a95158a09a7ac65adbbd0de6fe65d6d0b6aaad55"
        }
      ],
      "configurations" : [
        "test"
      ]
    },
    {
      "org" : "org.scalatest",
      "name" : "scalatest-freespec_3",
      "version" : "3.2.19",
      "artifacts" : [
        {
          "name" : "scalatest-freespec_3.jar",
          "hash" : "sha1:f00dd1ac0107ee2beab9fd4d44208cec411ccf20"
        }
      ],
      "configurations" : [
        "test"
      ]
    },
    {
      "org" : "org.scalatest",
      "name" : "scalatest-funspec_3",
      "version" : "3.2.19",
      "artifacts" : [
        {
          "name" : "scalatest-funspec_3.jar",
          "hash" : "sha1:48751d9d2a022510ecba14fd479529dbef1764ec"
        }
      ],
      "configurations" : [
        "test"
      ]
    },
    {
      "org" : "org.scalatest",
      "name" : "scalatest-funsuite_3",
      "version" : "3.2.19",
      "artifacts" : [
        {
          "name" : "scalatest-funsuite_3.jar",
          "hash" : "sha1:5dd75633e7671072f88c7a84218e0dcd97fea526"
        }
      ],
      "configurations" : [
        "test"
      ]
    },
    {
      "org" : "org.scalatest",
      "name" : "scalatest-matchers-core_3",
      "version" : "3.2.19",
      "artifacts" : [
        {
          "name" : "scalatest-matchers-core_3.jar",
          "hash" : "sha1:6aba956733cd56e48d7defa14a982e8377581f5a"
        }
      ],
      "configurations" : [
        "test"
      ]
    },
    {
      "org" : "org.scalatest",
      "name" : "scalatest-mustmatchers_3",
      "version" : "3.2.19",
      "artifacts" : [
        {
          "name" : "scalatest-mustmatchers_3.jar",
          "hash" : "sha1:978bec77fcb36688b03fbf7c1d34f2cff55bd55b"
        }
      ],
      "configurations" : [
        "test"
      ]
    },
    {
      "org" : "org.scalatest",
      "name" : "scalatest-propspec_3",
      "version" : "3.2.19",
      "artifacts" : [
        {
          "name" : "scalatest-propspec_3.jar",
          "hash" : "sha1:6e5aa18878f69109e4080ca97da50e520ddfe0d4"
        }
      ],
      "configurations" : [
        "test"
      ]
    },
    {
      "org" : "org.scalatest",
      "name" : "scalatest-refspec_3",
      "version" : "3.2.19",
      "artifacts" : [
        {
          "name" : "scalatest-refspec_3.jar",
          "hash" : "sha1:88160253f5bd278eeb78ba315f3b29475fad2114"
        }
      ],
      "configurations" : [
        "test"
      ]
    },
    {
      "org" : "org.scalatest",
      "name" : "scalatest-shouldmatchers_3",
      "version" : "3.2.19",
      "artifacts" : [
        {
          "name" : "scalatest-shouldmatchers_3.jar",
          "hash" : "sha1:62251750a0c8a9bfdea43e830dea18d45075c75b"
        }
      ],
      "configurations" : [
        "test"
      ]
    },
    {
      "org" : "org.scalatest",
      "name" : "scalatest-wordspec_3",
      "version" : "3.2.19",
      "artifacts" : [
        {
          "name" : "scalatest-wordspec_3.jar",
          "hash" : "sha1:8608175a7b03081e80bed32ef5ac2daadf07f418"
        }
      ],
      "configurations" : [
        "test"
      ]
    },
    {
      "org" : "org.scalatest",
      "name" : "scalatest_3",
      "version" : "3.2.19",
      "artifacts" : [
        {
          "name" : "scalatest_3.jar",
          "hash" : "sha1:e93bad4d3da3705446569085aab67e978f7485e5"
        }
      ],
      "configurations" : [
        "test"
      ]
    },
    {
      "org" : "org.scodec",
      "name" : "scodec-bits_3",
      "version" : "1.1.38",
      "artifacts" : [
        {
          "name" : "scodec-bits_3.jar",
          "hash" : "sha1:3b2b8b0e757ee6fa6ec2cadc5e0e4c5b55bdc798"
        }
      ],
      "configurations" : [
        "compile",
        "runtime",
        "test"
      ]
    },
    {
      "org" : "org.slf4j",
      "name" : "slf4j-api",
      "version" : "2.0.13",
      "artifacts" : [
        {
          "name" : "slf4j-api.jar",
          "hash" : "sha1:80229737f704b121a318bba5d5deacbcf395bc77"
        }
      ],
      "configurations" : [
        "test"
      ]
    },
    {
      "org" : "org.tpolecat",
      "name" : "natchez-core_3",
      "version" : "0.3.7",
      "artifacts" : [
        {
          "name" : "natchez-core_3.jar",
          "hash" : "sha1:dd253ab63c238718635d575f0ab03045bde2d66d"
        }
      ],
      "configurations" : [
        "compile",
        "runtime",
        "test"
      ]
    },
    {
      "org" : "org.typelevel",
      "name" : "case-insensitive_3",
      "version" : "1.4.2",
      "artifacts" : [
        {
          "name" : "case-insensitive_3.jar",
          "hash" : "sha1:fe70a06a40e7f65bb885c3bae7c97e6c93f0bfda"
        }
      ],
      "configurations" : [
        "compile",
        "runtime",
        "test"
      ]
    },
    {
      "org" : "org.typelevel",
      "name" : "cats-core_3",
      "version" : "2.13.0",
      "artifacts" : [
        {
          "name" : "cats-core_3.jar",
          "hash" : "sha1:cafcdb23af26a0b2de13a1b362ae33c72fafcd6a"
        }
      ],
      "configurations" : [
        "compile",
        "runtime",
        "test"
      ]
    },
    {
      "org" : "org.typelevel",
      "name" : "cats-effect-kernel-testkit_3",
      "version" : "3.6.3",
      "artifacts" : [
        {
          "name" : "cats-effect-kernel-testkit_3.jar",
          "hash" : "sha1:d2dc4d7ba4be19b07a2420fd1455c8f31f664773"
        }
      ],
      "configurations" : [
        "test"
      ]
    },
    {
      "org" : "org.typelevel",
      "name" : "cats-effect-kernel_3",
      "version" : "3.6.3",
      "artifacts" : [
        {
          "name" : "cats-effect-kernel_3.jar",
          "hash" : "sha1:5a4c0b84324ed0ff6dc7f08cd05b8d803b4b9d3e"
        }
      ],
      "configurations" : [
        "compile",
        "runtime",
        "test"
      ]
    },
    {
      "org" : "org.typelevel",
      "name" : "cats-effect-laws_3",
      "version" : "3.6.3",
      "artifacts" : [
        {
          "name" : "cats-effect-laws_3.jar",
          "hash" : "sha1:276f87a1e91438313c9dc7709dd02fee2cc869c0"
        }
      ],
      "configurations" : [
        "test"
      ]
    },
    {
      "org" : "org.typelevel",
      "name" : "cats-effect-std_3",
      "version" : "3.6.3",
      "artifacts" : [
        {
          "name" : "cats-effect-std_3.jar",
          "hash" : "sha1:ab787fcd13a992204669f9754aa3358770f6462f"
        }
      ],
      "configurations" : [
        "compile",
        "runtime",
        "test"
      ]
    },
    {
      "org" : "org.typelevel",
      "name" : "cats-effect-testkit_3",
      "version" : "3.6.3",
      "artifacts" : [
        {
          "name" : "cats-effect-testkit_3.jar",
          "hash" : "sha1:8d7897999fad3a077ff61aadc3826f723647b464"
        }
      ],
      "configurations" : [
        "test"
      ]
    },
    {
      "org" : "org.typelevel",
      "name" : "cats-effect_3",
      "version" : "3.6.3",
      "artifacts" : [
        {
          "name" : "cats-effect_3.jar",
          "hash" : "sha1:05375e44efdc2709459495254b4a2ff2bbcd79f8"
        }
      ],
      "configurations" : [
        "compile",
        "runtime",
        "test"
      ]
    },
    {
      "org" : "org.typelevel",
      "name" : "cats-free_3",
      "version" : "2.11.0",
      "artifacts" : [
        {
          "name" : "cats-free_3.jar",
          "hash" : "sha1:9873b232481d6d34bccc31ef43bfd38eec27de08"
        }
      ],
      "configurations" : [
        "test"
      ]
    },
    {
      "org" : "org.typelevel",
      "name" : "cats-kernel-laws_3",
      "version" : "2.11.0",
      "artifacts" : [
        {
          "name" : "cats-kernel-laws_3.jar",
          "hash" : "sha1:f805947608c450ebd9dfcd00a3f33ca20093a07f"
        }
      ],
      "configurations" : [
        "test"
      ]
    },
    {
      "org" : "org.typelevel",
      "name" : "cats-kernel_3",
      "version" : "2.13.0",
      "artifacts" : [
        {
          "name" : "cats-kernel_3.jar",
          "hash" : "sha1:b54ec5e7b865852b84856f5781c7b8426d3a73a4"
        }
      ],
      "configurations" : [
        "compile",
        "runtime",
        "test"
      ]
    },
    {
      "org" : "org.typelevel",
      "name" : "cats-laws_3",
      "version" : "2.11.0",
      "artifacts" : [
        {
          "name" : "cats-laws_3.jar",
          "hash" : "sha1:2cbae981d03413b380777ac8445deef70f5fa5b4"
        }
      ],
      "configurations" : [
        "test"
      ]
    },
    {
      "org" : "org.typelevel",
      "name" : "cats-mtl_3",
      "version" : "1.3.1",
      "artifacts" : [
        {
          "name" : "cats-mtl_3.jar",
          "hash" : "sha1:79c807bef91eb9aafcd2d67d1da4120b7bb55847"
        }
      ],
      "configurations" : [
        "compile",
        "runtime",
        "test"
      ]
    },
    {
      "org" : "org.typelevel",
      "name" : "coop_3",
      "version" : "1.2.0",
      "artifacts" : [
        {
          "name" : "coop_3.jar",
          "hash" : "sha1:2ea92a92d002a67f7eaac9166fab5f4591b04d59"
        }
      ],
      "configurations" : [
        "test"
      ]
    },
    {
      "org" : "org.typelevel",
      "name" : "discipline-core_3",
      "version" : "1.6.0",
      "artifacts" : [
        {
          "name" : "discipline-core_3.jar",
          "hash" : "sha1:8c9a0b08a3c1a81a367ffa3626c500da879cb1b0"
        }
      ],
      "configurations" : [
        "test"
      ]
    },
    {
      "org" : "org.typelevel",
      "name" : "jawn-parser_3",
      "version" : "1.6.0",
      "artifacts" : [
        {
          "name" : "jawn-parser_3.jar",
          "hash" : "sha1:a89f3e40146a2afb775baafa89c7493506403856"
        }
      ],
      "configurations" : [
        "compile",
        "runtime",
        "test"
      ]
    },
    {
      "org" : "org.typelevel",
      "name" : "literally_3",
      "version" : "1.1.0",
      "artifacts" : [
        {
          "name" : "literally_3.jar",
          "hash" : "sha1:14eb53559df5119d79b721449519c7b683b3eb50"
        }
      ],
      "configurations" : [
        "compile",
        "runtime",
        "test"
      ]
    }
  ]
}