{
  "lockVersion" : 1,
  "timestamp" : "2026-01-09T08:59:28.362181Z",
  "configurations" : [
    "compile",
    "optional",
    "protobuf",
    "provided",
    "runtime",
    "scalafix",
    "test"
  ],
  "dependencies" : [
    {
      "org" : "co.fs2",
      "name" : "fs2-core_2.13",
      "version" : "3.11.0",
      "artifacts" : [
        {
          "name" : "fs2-core_2.13.jar",
          "hash" : "sha1:c826e98190d0f45cd1ab52fb4675f2890dd21ce9"
        }
      ],
      "configurations" : [
        "compile",
        "runtime",
        "test"
      ]
    },
    {
      "org" : "co.fs2",
      "name" : "fs2-io_2.13",
      "version" : "3.11.0",
      "artifacts" : [
        {
          "name" : "fs2-io_2.13.jar",
          "hash" : "sha1:d0e7805a44b3a88ef75bc6eb22a7c237ed82887e"
        }
      ],
      "configurations" : [
        "compile",
        "runtime",
        "test"
      ]
    },
    {
      "org" : "com.chuusai",
      "name" : "shapeless_2.13",
      "version" : "2.3.13",
      "artifacts" : [
        {
          "name" : "shapeless_2.13.jar",
          "hash" : "sha1:ad096ac4c21b4bed4efca36e32e0c62ba00a8d3f"
        }
      ],
      "configurations" : [
        "compile",
        "runtime",
        "test"
      ]
    },
    {
      "org" : "com.comcast",
      "name" : "ip4s-core_2.13",
      "version" : "3.6.0",
      "artifacts" : [
        {
          "name" : "ip4s-core_2.13.jar",
          "hash" : "sha1:4b2e8c831697c325853ea8eeea1f28029805714a"
        }
      ],
      "configurations" : [
        "compile",
        "runtime",
        "test"
      ]
    },
    {
      "org" : "com.google.protobuf",
      "name" : "protobuf-java",
      "version" : "4.33.0",
      "artifacts" : [
        {
          "name" : "protobuf-java.jar",
          "hash" : "sha1:5f82a81e6e7b6b7434d05a7bdd666b84d9eb0bc5"
        }
      ],
      "configurations" : [
        "compile",
        "runtime",
        "test"
      ]
    },
    {
      "org" : "com.softwaremill.sttp.client3",
      "name" : "async-http-client-backend-cats_2.13",
      "version" : "3.11.0",
      "artifacts" : [
        {
          "name" : "async-http-client-backend-cats_2.13.jar",
          "hash" : "sha1:4c9e33c27a0ac351a4da76f4e06761f452b1e2cc"
        }
      ],
      "configurations" : [
        "test"
      ]
    },
    {
      "org" : "com.softwaremill.sttp.client3",
      "name" : "async-http-client-backend_2.13",
      "version" : "3.11.0",
      "artifacts" : [
        {
          "name" : "async-http-client-backend_2.13.jar",
          "hash" : "sha1:358cd98cf8ac25c6f0b8dcaa099ebd990e971ded"
        }
      ],
      "configurations" : [
        "test"
      ]
    },
    {
      "org" : "com.softwaremill.sttp.client3",
      "name" : "cats_2.13",
      "version" : "3.11.0",
      "artifacts" : [
        {
          "name" : "cats_2.13.jar",
          "hash" : "sha1:c21e62988c2d64c2aa7c5f54edb14cb7e7d7b653"
        }
      ],
      "configurations" : [
        "test"
      ]
    },
    {
      "org" : "com.softwaremill.sttp.client3",
      "name" : "circe_2.13",
      "version" : "3.11.0",
      "artifacts" : [
        {
          "name" : "circe_2.13.jar",
          "hash" : "sha1:4feb2967d5668fb3134a5ec7cc4376f6a0c806ac"
        }
      ],
      "configurations" : [
        "compile",
        "runtime",
        "test"
      ]
    },
    {
      "org" : "com.softwaremill.sttp.client3",
      "name" : "core_2.13",
      "version" : "3.11.0",
      "artifacts" : [
        {
          "name" : "core_2.13.jar",
          "hash" : "sha1:764d0d7aa324bca8e5f1c3cf01c09589dca9f10d"
        }
      ],
      "configurations" : [
        "compile",
        "runtime",
        "test"
      ]
    },
    {
      "org" : "com.softwaremill.sttp.client3",
      "name" : "json-common_2.13",
      "version" : "3.11.0",
      "artifacts" : [
        {
          "name" : "json-common_2.13.jar",
          "hash" : "sha1:35391c36542ad2e6db5d77813fe54e6753a576ed"
        }
      ],
      "configurations" : [
        "compile",
        "runtime",
        "test"
      ]
    },
    {
      "org" : "com.softwaremill.sttp.model",
      "name" : "core_2.13",
      "version" : "1.7.11",
      "artifacts" : [
        {
          "name" : "core_2.13.jar",
          "hash" : "sha1:5dffcef3f964767472774af9e1abe50de6e69d46"
        }
      ],
      "configurations" : [
        "compile",
        "runtime",
        "test"
      ]
    },
    {
      "org" : "com.softwaremill.sttp.shared",
      "name" : "core_2.13",
      "version" : "1.3.22",
      "artifacts" : [
        {
          "name" : "core_2.13.jar",
          "hash" : "sha1:c4ac7e85a26548e102ee83b543c0a5771f56ceda"
        }
      ],
      "configurations" : [
        "compile",
        "runtime",
        "test"
      ]
    },
    {
      "org" : "com.softwaremill.sttp.shared",
      "name" : "ws_2.13",
      "version" : "1.3.22",
      "artifacts" : [
        {
          "name" : "ws_2.13.jar",
          "hash" : "sha1:92599a2a3aec353538b061cee9d545f1ed00492a"
        }
      ],
      "configurations" : [
        "compile",
        "runtime",
        "test"
      ]
    },
    {
      "org" : "com.sun.activation",
      "name" : "jakarta.activation",
      "version" : "1.2.2",
      "artifacts" : [
        {
          "name" : "jakarta.activation.jar",
          "hash" : "sha1:74548703f9851017ce2f556066659438019e7eb5"
        }
      ],
      "configurations" : [
        "test"
      ]
    },
    {
      "org" : "com.typesafe.netty",
      "name" : "netty-reactive-streams",
      "version" : "2.0.4",
      "artifacts" : [
        {
          "name" : "netty-reactive-streams.jar",
          "hash" : "sha1:0f77c8eaa7d5e2f2160b6d21ba385cf726f164b2"
        }
      ],
      "configurations" : [
        "test"
      ]
    },
    {
      "org" : "commons-io",
      "name" : "commons-io",
      "version" : "2.18.0",
      "artifacts" : [
        {
          "name" : "commons-io.jar",
          "hash" : "sha1:44084ef756763795b31c578403dd028ff4a22950"
        }
      ],
      "configurations" : [
        "compile",
        "runtime",
        "test"
      ]
    },
    {
      "org" : "io.circe",
      "name" : "circe-core_2.13",
      "version" : "0.14.15",
      "artifacts" : [
        {
          "name" : "circe-core_2.13.jar",
          "hash" : "sha1:076ed0f888531eed523446e6c822839cb91fad96"
        }
      ],
      "configurations" : [
        "compile",
        "runtime",
        "test"
      ]
    },
    {
      "org" : "io.circe",
      "name" : "circe-generic_2.13",
      "version" : "0.14.15",
      "artifacts" : [
        {
          "name" : "circe-generic_2.13.jar",
          "hash" : "sha1:cc200bb213c2eb395a10ecabd6adf73e8e92e62b"
        }
      ],
      "configurations" : [
        "compile",
        "runtime",
        "test"
      ]
    },
    {
      "org" : "io.circe",
      "name" : "circe-jawn_2.13",
      "version" : "0.14.15",
      "artifacts" : [
        {
          "name" : "circe-jawn_2.13.jar",
          "hash" : "sha1:d8655398e491159a6bf6dfe6517444c066c7c68a"
        }
      ],
      "configurations" : [
        "compile",
        "runtime",
        "test"
      ]
    },
    {
      "org" : "io.circe",
      "name" : "circe-literal_2.13",
      "version" : "0.14.15",
      "artifacts" : [
        {
          "name" : "circe-literal_2.13.jar",
          "hash" : "sha1:45e4a02c032e8f7d4c0a6ec9326a949dc7585c81"
        }
      ],
      "configurations" : [
        "test"
      ]
    },
    {
      "org" : "io.circe",
      "name" : "circe-numbers_2.13",
      "version" : "0.14.15",
      "artifacts" : [
        {
          "name" : "circe-numbers_2.13.jar",
          "hash" : "sha1:31f66d856cfd7f05a94dbce829caabbc9d402dda"
        }
      ],
      "configurations" : [
        "compile",
        "runtime",
        "test"
      ]
    },
    {
      "org" : "io.circe",
      "name" : "circe-parser_2.13",
      "version" : "0.14.15",
      "artifacts" : [
        {
          "name" : "circe-parser_2.13.jar",
          "hash" : "sha1:844627b3c56ea78ccb63ebaee066068963e610ca"
        }
      ],
      "configurations" : [
        "compile",
        "runtime",
        "test"
      ]
    },
    {
      "org" : "io.netty",
      "name" : "netty-buffer",
      "version" : "4.2.9.Final",
      "artifacts" : [
        {
          "name" : "netty-buffer.jar",
          "hash" : "sha1:d419abb1b035e1ab4dae22766c3ebf37343cc82b"
        }
      ],
      "configurations" : [
        "test"
      ]
    },
    {
      "org" : "io.netty",
      "name" : "netty-codec-base",
      "version" : "4.2.9.Final",
      "artifacts" : [
        {
          "name" : "netty-codec-base.jar",
          "hash" : "sha1:1ecb17e188008c62aef9d03491f2fde6b06414bb"
        }
      ],
      "configurations" : [
        "test"
      ]
    },
    {
      "org" : "io.netty",
      "name" : "netty-codec-compression",
      "version" : "4.2.9.Final",
      "artifacts" : [
        {
          "name" : "netty-codec-compression.jar",
          "hash" : "sha1:d3d3c3c16110278d1dbf8a423e20a839523724cd"
        }
      ],
      "configurations" : [
        "test"
      ]
    },
    {
      "org" : "io.netty",
      "name" : "netty-codec-http",
      "version" : "4.2.9.Final",
      "artifacts" : [
        {
          "name" : "netty-codec-http.jar",
          "hash" : "sha1:20077d54b08a1cf7d764b169946373dff2e9f9be"
        }
      ],
      "configurations" : [
        "test"
      ]
    },
    {
      "org" : "io.netty",
      "name" : "netty-codec-socks",
      "version" : "4.2.9.Final",
      "artifacts" : [
        {
          "name" : "netty-codec-socks.jar",
          "hash" : "sha1:95aeac38838c04094f30de6cc973c76c3270cfd3"
        }
      ],
      "configurations" : [
        "test"
      ]
    },
    {
      "org" : "io.netty",
      "name" : "netty-common",
      "version" : "4.2.9.Final",
      "artifacts" : [
        {
          "name" : "netty-common.jar",
          "hash" : "sha1:04429addd1a59cb52dde76102f61b3f696fd3b9c"
        }
      ],
      "configurations" : [
        "test"
      ]
    },
    {
      "org" : "io.netty",
      "name" : "netty-handler",
      "version" : "4.2.9.Final",
      "artifacts" : [
        {
          "name" : "netty-handler.jar",
          "hash" : "sha1:f79da6a81f4390ed067301235e29705a7f774c5b"
        }
      ],
      "configurations" : [
        "test"
      ]
    },
    {
      "org" : "io.netty",
      "name" : "netty-handler-proxy",
      "version" : "4.2.9.Final",
      "artifacts" : [
        {
          "name" : "netty-handler-proxy.jar",
          "hash" : "sha1:3be91239e18159d66b647c8025629e13986236e4"
        }
      ],
      "configurations" : [
        "test"
      ]
    },
    {
      "org" : "io.netty",
      "name" : "netty-resolver",
      "version" : "4.2.9.Final",
      "artifacts" : [
        {
          "name" : "netty-resolver.jar",
          "hash" : "sha1:faccff808e9166f1d689e054059b172cffc738ab"
        }
      ],
      "configurations" : [
        "test"
      ]
    },
    {
      "org" : "io.netty",
      "name" : "netty-transport",
      "version" : "4.2.9.Final",
      "artifacts" : [
        {
          "name" : "netty-transport.jar",
          "hash" : "sha1:b864fc8ec3d72b6e22af88f5408b6ad7e41980ec"
        }
      ],
      "configurations" : [
        "test"
      ]
    },
    {
      "org" : "io.netty",
      "name" : "netty-transport-native-unix-common",
      "version" : "4.2.9.Final",
      "artifacts" : [
        {
          "name" : "netty-transport-native-unix-common.jar",
          "hash" : "sha1:0ff416b5aaac1fbfe625ee92deb08664e938aa00"
        }
      ],
      "configurations" : [
        "test"
      ]
    },
    {
      "org" : "org.asynchttpclient",
      "name" : "async-http-client",
      "version" : "2.12.4",
      "artifacts" : [
        {
          "name" : "async-http-client.jar",
          "hash" : "sha1:c7ac461afff5c792af9557b11b334e139fc4f426"
        }
      ],
      "configurations" : [
        "test"
      ]
    },
    {
      "org" : "org.asynchttpclient",
      "name" : "async-http-client-netty-utils",
      "version" : "2.12.4",
      "artifacts" : [
        {
          "name" : "async-http-client-netty-utils.jar",
          "hash" : "sha1:dd226dcacb3b14ca1a8ce73c5c5c9ec6e2444dd2"
        }
      ],
      "configurations" : [
        "test"
      ]
    },
    {
      "org" : "org.eclipse.jetty",
      "name" : "jetty-http",
      "version" : "11.0.25",
      "artifacts" : [
        {
          "name" : "jetty-http.jar",
          "hash" : "sha1:1c33e326c11d9db04b134d070d600418f818809d"
        }
      ],
      "configurations" : [
        "test"
      ]
    },
    {
      "org" : "org.eclipse.jetty",
      "name" : "jetty-io",
      "version" : "11.0.25",
      "artifacts" : [
        {
          "name" : "jetty-io.jar",
          "hash" : "sha1:0175602210a8b3fe4a8cc55c07d4b2041daff70e"
        }
      ],
      "configurations" : [
        "test"
      ]
    },
    {
      "org" : "org.eclipse.jetty",
      "name" : "jetty-security",
      "version" : "11.0.25",
      "artifacts" : [
        {
          "name" : "jetty-security.jar",
          "hash" : "sha1:1698e2bcf1dd06785ded55fd4346bb9adafd64b6"
        }
      ],
      "configurations" : [
        "test"
      ]
    },
    {
      "org" : "org.eclipse.jetty",
      "name" : "jetty-server",
      "version" : "11.0.25",
      "artifacts" : [
        {
          "name" : "jetty-server.jar",
          "hash" : "sha1:0851d4e5d920bc14ba8e00117add2b37f4c1ce96"
        }
      ],
      "configurations" : [
        "test"
      ]
    },
    {
      "org" : "org.eclipse.jetty",
      "name" : "jetty-servlet",
      "version" : "11.0.25",
      "artifacts" : [
        {
          "name" : "jetty-servlet.jar",
          "hash" : "sha1:76a1ea0dcd771797ce3c230809918f5a91e9b80f"
        }
      ],
      "configurations" : [
        "test"
      ]
    },
    {
      "org" : "org.eclipse.jetty",
      "name" : "jetty-util",
      "version" : "11.0.25",
      "artifacts" : [
        {
          "name" : "jetty-util.jar",
          "hash" : "sha1:1f725375a296fed1ec126125165c5d7ae7629437"
        }
      ],
      "configurations" : [
        "test"
      ]
    },
    {
      "org" : "org.eclipse.jetty.toolchain",
      "name" : "jetty-jakarta-servlet-api",
      "version" : "5.0.2",
      "artifacts" : [
        {
          "name" : "jetty-jakarta-servlet-api.jar",
          "hash" : "sha1:027fce6d666a203526236d33d00e202a4136230f"
        }
      ],
      "configurations" : [
        "test"
      ]
    },
    {
      "org" : "org.reactivestreams",
      "name" : "reactive-streams",
      "version" : "1.0.3",
      "artifacts" : [
        {
          "name" : "reactive-streams.jar",
          "hash" : "sha1:d9fb7a7926ffa635b3dcaa5049fb2bfa25b3e7d0"
        }
      ],
      "configurations" : [
        "test"
      ]
    },
    {
      "org" : "org.scala-lang",
      "name" : "scala-library",
      "version" : "2.13.18",
      "artifacts" : [
        {
          "name" : "scala-library.jar",
          "hash" : "sha1:eb2086988c25b08705472cc750654570900362e5"
        }
      ],
      "configurations" : [
        "compile",
        "runtime",
        "test"
      ]
    },
    {
      "org" : "org.scala-lang",
      "name" : "scala-reflect",
      "version" : "2.13.18",
      "artifacts" : [
        {
          "name" : "scala-reflect.jar",
          "hash" : "sha1:674f3bd39f5c528d575da69c42a5dff772b9b75c"
        }
      ],
      "configurations" : [
        "test"
      ]
    },
    {
      "org" : "org.scala-lang.modules",
      "name" : "scala-collection-compat_2.13",
      "version" : "2.11.0",
      "artifacts" : [
        {
          "name" : "scala-collection-compat_2.13.jar",
          "hash" : "sha1:a1d1a4591c59ac01f041762692d81879accd849b"
        }
      ],
      "configurations" : [
        "compile",
        "runtime",
        "test"
      ]
    },
    {
      "org" : "org.scala-lang.modules",
      "name" : "scala-xml_2.13",
      "version" : "2.1.0",
      "artifacts" : [
        {
          "name" : "scala-xml_2.13.jar",
          "hash" : "sha1:f2c107c097692b6c07941e7b96fcf6ec3b58add6"
        }
      ],
      "configurations" : [
        "test"
      ]
    },
    {
      "org" : "org.scala-sbt",
      "name" : "test-interface",
      "version" : "1.0",
      "artifacts" : [
        {
          "name" : "test-interface.jar",
          "hash" : "sha1:0a3f14d010c4cb32071f863d97291df31603b521"
        }
      ],
      "configurations" : [
        "test"
      ]
    },
    {
      "org" : "org.scalacheck",
      "name" : "scalacheck_2.13",
      "version" : "1.17.1",
      "artifacts" : [
        {
          "name" : "scalacheck_2.13.jar",
          "hash" : "sha1:2c0be9a432c6e2d21acd0ba81aeb489096d12ec1"
        }
      ],
      "configurations" : [
        "test"
      ]
    },
    {
      "org" : "org.scalactic",
      "name" : "scalactic_2.13",
      "version" : "3.2.19",
      "artifacts" : [
        {
          "name" : "scalactic_2.13.jar",
          "hash" : "sha1:0afa3b540f0d63342d8be3aa946c4dbfff3bb7cd"
        }
      ],
      "configurations" : [
        "test"
      ]
    },
    {
      "org" : "org.scalatest",
      "name" : "scalatest-compatible",
      "version" : "3.2.19",
      "artifacts" : [
        {
          "name" : "scalatest-compatible.jar",
          "hash" : "sha1:609bc82cc06a1322f60039a81fc003ee81d7064f"
        }
      ],
      "configurations" : [
        "test"
      ]
    },
    {
      "org" : "org.scalatest",
      "name" : "scalatest-core_2.13",
      "version" : "3.2.19",
      "artifacts" : [
        {
          "name" : "scalatest-core_2.13.jar",
          "hash" : "sha1:b39ebf9182d014bd9e0c6391b0677b90acc6dce4"
        }
      ],
      "configurations" : [
        "test"
      ]
    },
    {
      "org" : "org.scalatest",
      "name" : "scalatest-diagrams_2.13",
      "version" : "3.2.19",
      "artifacts" : [
        {
          "name" : "scalatest-diagrams_2.13.jar",
          "hash" : "sha1:627ce69bcab1472c163537d8183506c02340bf71"
        }
      ],
      "configurations" : [
        "test"
      ]
    },
    {
      "org" : "org.scalatest",
      "name" : "scalatest-featurespec_2.13",
      "version" : "3.2.19",
      "artifacts" : [
        {
          "name" : "scalatest-featurespec_2.13.jar",
          "hash" : "sha1:3732488eb1e6c7a1f164c9373f7cb4688161e60e"
        }
      ],
      "configurations" : [
        "test"
      ]
    },
    {
      "org" : "org.scalatest",
      "name" : "scalatest-flatspec_2.13",
      "version" : "3.2.19",
      "artifacts" : [
        {
          "name" : "scalatest-flatspec_2.13.jar",
          "hash" : "sha1:8f5472ac09054656b578c6c57d780b547c88c9f7"
        }
      ],
      "configurations" : [
        "test"
      ]
    },
    {
      "org" : "org.scalatest",
      "name" : "scalatest-freespec_2.13",
      "version" : "3.2.19",
      "artifacts" : [
        {
          "name" : "scalatest-freespec_2.13.jar",
          "hash" : "sha1:a656612babdeeecb83bc45de091344b800a1d011"
        }
      ],
      "configurations" : [
        "test"
      ]
    },
    {
      "org" : "org.scalatest",
      "name" : "scalatest-funspec_2.13",
      "version" : "3.2.19",
      "artifacts" : [
        {
          "name" : "scalatest-funspec_2.13.jar",
          "hash" : "sha1:295dae100ffa67e7d12f99296b07d062dce0baf9"
        }
      ],
      "configurations" : [
        "test"
      ]
    },
    {
      "org" : "org.scalatest",
      "name" : "scalatest-funsuite_2.13",
      "version" : "3.2.19",
      "artifacts" : [
        {
          "name" : "scalatest-funsuite_2.13.jar",
          "hash" : "sha1:b10b4b432147a94747ccbcc2bc31fffd094ba43e"
        }
      ],
      "configurations" : [
        "test"
      ]
    },
    {
      "org" : "org.scalatest",
      "name" : "scalatest-matchers-core_2.13",
      "version" : "3.2.19",
      "artifacts" : [
        {
          "name" : "scalatest-matchers-core_2.13.jar",
          "hash" : "sha1:a1a6243b90957ddc718ab6e390b4a32e9122936e"
        }
      ],
      "configurations" : [
        "test"
      ]
    },
    {
      "org" : "org.scalatest",
      "name" : "scalatest-mustmatchers_2.13",
      "version" : "3.2.19",
      "artifacts" : [
        {
          "name" : "scalatest-mustmatchers_2.13.jar",
          "hash" : "sha1:0b6604e85a24b401e7e3ea6a896bd17f0e52af15"
        }
      ],
      "configurations" : [
        "test"
      ]
    },
    {
      "org" : "org.scalatest",
      "name" : "scalatest-propspec_2.13",
      "version" : "3.2.19",
      "artifacts" : [
        {
          "name" : "scalatest-propspec_2.13.jar",
          "hash" : "sha1:2d38d275d74f547a3388f1ed9e149b2124f0fc66"
        }
      ],
      "configurations" : [
        "test"
      ]
    },
    {
      "org" : "org.scalatest",
      "name" : "scalatest-refspec_2.13",
      "version" : "3.2.19",
      "artifacts" : [
        {
          "name" : "scalatest-refspec_2.13.jar",
          "hash" : "sha1:57eef43635589a398eaef6651ca1181e714a5686"
        }
      ],
      "configurations" : [
        "test"
      ]
    },
    {
      "org" : "org.scalatest",
      "name" : "scalatest-shouldmatchers_2.13",
      "version" : "3.2.19",
      "artifacts" : [
        {
          "name" : "scalatest-shouldmatchers_2.13.jar",
          "hash" : "sha1:acdabf60d810ebede4263e7182893078c5fa1114"
        }
      ],
      "configurations" : [
        "test"
      ]
    },
    {
      "org" : "org.scalatest",
      "name" : "scalatest-wordspec_2.13",
      "version" : "3.2.19",
      "artifacts" : [
        {
          "name" : "scalatest-wordspec_2.13.jar",
          "hash" : "sha1:8408dbc887b65932c42389d4af15ad231078baf6"
        }
      ],
      "configurations" : [
        "test"
      ]
    },
    {
      "org" : "org.scalatest",
      "name" : "scalatest_2.13",
      "version" : "3.2.19",
      "artifacts" : [
        {
          "name" : "scalatest_2.13.jar",
          "hash" : "sha1:7635de1f38369f1c46df062bb475e0d3d60bf152"
        }
      ],
      "configurations" : [
        "test"
      ]
    },
    {
      "org" : "org.scodec",
      "name" : "scodec-bits_2.13",
      "version" : "1.1.38",
      "artifacts" : [
        {
          "name" : "scodec-bits_2.13.jar",
          "hash" : "sha1:48b7983881f1f16a73cc85e863fc9e5401fed90d"
        }
      ],
      "configurations" : [
        "compile",
        "runtime",
        "test"
      ]
    },
    {
      "org" : "org.slf4j",
      "name" : "slf4j-api",
      "version" : "2.0.13",
      "artifacts" : [
        {
          "name" : "slf4j-api.jar",
          "hash" : "sha1:80229737f704b121a318bba5d5deacbcf395bc77"
        }
      ],
      "configurations" : [
        "test"
      ]
    },
    {
      "org" : "org.tpolecat",
      "name" : "natchez-core_2.13",
      "version" : "0.3.7",
      "artifacts" : [
        {
          "name" : "natchez-core_2.13.jar",
          "hash" : "sha1:593d890614467ca4e29f0bfd70e70a65ae414dae"
        }
      ],
      "configurations" : [
        "compile",
        "runtime",
        "test"
      ]
    },
    {
      "org" : "org.typelevel",
      "name" : "case-insensitive_2.13",
      "version" : "1.4.2",
      "artifacts" : [
        {
          "name" : "case-insensitive_2.13.jar",
          "hash" : "sha1:690c34beb2359abd4154a72dc41ce1ee39095865"
        }
      ],
      "configurations" : [
        "compile",
        "runtime",
        "test"
      ]
    },
    {
      "org" : "org.typelevel",
      "name" : "cats-core_2.13",
      "version" : "2.11.0",
      "artifacts" : [
        {
          "name" : "cats-core_2.13.jar",
          "hash" : "sha1:bf17f0927b59f990241657fd9ed7e37a40395f53"
        }
      ],
      "configurations" : [
        "compile",
        "runtime",
        "test"
      ]
    },
    {
      "org" : "org.typelevel",
      "name" : "cats-effect-kernel-testkit_2.13",
      "version" : "3.6.3",
      "artifacts" : [
        {
          "name" : "cats-effect-kernel-testkit_2.13.jar",
          "hash" : "sha1:23d43f77ba2d4cd27c98a58ec8a546e0f31d618e"
        }
      ],
      "configurations" : [
        "test"
      ]
    },
    {
      "org" : "org.typelevel",
      "name" : "cats-effect-kernel_2.13",
      "version" : "3.6.3",
      "artifacts" : [
        {
          "name" : "cats-effect-kernel_2.13.jar",
          "hash" : "sha1:436fee2b01ccdfeacc2fc5ed362b9f6b0b46e908"
        }
      ],
      "configurations" : [
        "compile",
        "runtime",
        "test"
      ]
    },
    {
      "org" : "org.typelevel",
      "name" : "cats-effect-laws_2.13",
      "version" : "3.6.3",
      "artifacts" : [
        {
          "name" : "cats-effect-laws_2.13.jar",
          "hash" : "sha1:601786387d5005bd8f62ec34a9cd31c852a046af"
        }
      ],
      "configurations" : [
        "test"
      ]
    },
    {
      "org" : "org.typelevel",
      "name" : "cats-effect-std_2.13",
      "version" : "3.6.3",
      "artifacts" : [
        {
          "name" : "cats-effect-std_2.13.jar",
          "hash" : "sha1:e74f450eba21bda47f7b22dbb0807b2a7890b796"
        }
      ],
      "configurations" : [
        "compile",
        "runtime",
        "test"
      ]
    },
    {
      "org" : "org.typelevel",
      "name" : "cats-effect-testkit_2.13",
      "version" : "3.6.3",
      "artifacts" : [
        {
          "name" : "cats-effect-testkit_2.13.jar",
          "hash" : "sha1:1de6b5a4e5cbcc1bd13ce8308919ebda26babef8"
        }
      ],
      "configurations" : [
        "test"
      ]
    },
    {
      "org" : "org.typelevel",
      "name" : "cats-effect_2.13",
      "version" : "3.6.3",
      "artifacts" : [
        {
          "name" : "cats-effect_2.13.jar",
          "hash" : "sha1:0f931fa3d85451292f8aeda94371f54670d32fae"
        }
      ],
      "configurations" : [
        "compile",
        "runtime",
        "test"
      ]
    },
    {
      "org" : "org.typelevel",
      "name" : "cats-free_2.13",
      "version" : "2.11.0",
      "artifacts" : [
        {
          "name" : "cats-free_2.13.jar",
          "hash" : "sha1:45ef5376cf59f314e931664f0b06cf44f8a7ffa5"
        }
      ],
      "configurations" : [
        "test"
      ]
    },
    {
      "org" : "org.typelevel",
      "name" : "cats-kernel-laws_2.13",
      "version" : "2.11.0",
      "artifacts" : [
        {
          "name" : "cats-kernel-laws_2.13.jar",
          "hash" : "sha1:263782590f730cabb4b76178b386912dbc6c1461"
        }
      ],
      "configurations" : [
        "test"
      ]
    },
    {
      "org" : "org.typelevel",
      "name" : "cats-kernel_2.13",
      "version" : "2.11.0",
      "artifacts" : [
        {
          "name" : "cats-kernel_2.13.jar",
          "hash" : "sha1:9f46f77ebad492c1abeb6ca27df78ba1fa05eb65"
        }
      ],
      "configurations" : [
        "compile",
        "runtime",
        "test"
      ]
    },
    {
      "org" : "org.typelevel",
      "name" : "cats-laws_2.13",
      "version" : "2.11.0",
      "artifacts" : [
        {
          "name" : "cats-laws_2.13.jar",
          "hash" : "sha1:b95c3f986bf036e5b955893f2b7d8148aa3b7659"
        }
      ],
      "configurations" : [
        "test"
      ]
    },
    {
      "org" : "org.typelevel",
      "name" : "cats-mtl_2.13",
      "version" : "1.3.1",
      "artifacts" : [
        {
          "name" : "cats-mtl_2.13.jar",
          "hash" : "sha1:efe72b3961e17a4c370c5ec630d2482865ccbaed"
        }
      ],
      "configurations" : [
        "compile",
        "runtime",
        "test"
      ]
    },
    {
      "org" : "org.typelevel",
      "name" : "coop_2.13",
      "version" : "1.2.0",
      "artifacts" : [
        {
          "name" : "coop_2.13.jar",
          "hash" : "sha1:322e25688230e9e12527ce251b7706d3271100ff"
        }
      ],
      "configurations" : [
        "test"
      ]
    },
    {
      "org" : "org.typelevel",
      "name" : "discipline-core_2.13",
      "version" : "1.6.0",
      "artifacts" : [
        {
          "name" : "discipline-core_2.13.jar",
          "hash" : "sha1:f61fef37ca9866a344e5117bb2b2723234fabf24"
        }
      ],
      "configurations" : [
        "test"
      ]
    },
    {
      "org" : "org.typelevel",
      "name" : "jawn-parser_2.13",
      "version" : "1.6.0",
      "artifacts" : [
        {
          "name" : "jawn-parser_2.13.jar",
          "hash" : "sha1:b47cfc6b652fec2fd295c8608e7a9a84633c724f"
        }
      ],
      "configurations" : [
        "compile",
        "runtime",
        "test"
      ]
    },
    {
      "org" : "org.typelevel",
      "name" : "literally_2.13",
      "version" : "1.1.0",
      "artifacts" : [
        {
          "name" : "literally_2.13.jar",
          "hash" : "sha1:cf9eb9bf5b0f9f970f5af286459573e8ebc86938"
        }
      ],
      "configurations" : [
        "compile",
        "runtime",
        "test"
      ]
    }
  ]
}