{
  "lockVersion" : 1,
  "timestamp" : "2024-07-06T13:10:50.977866Z",
  "configurations" : [
    "compile",
    "optional",
    "protobuf",
    "provided",
    "runtime",
    "scalafix",
    "test"
  ],
  "dependencies" : [
    {
      "org" : "co.fs2",
      "name" : "fs2-core_3",
      "version" : "3.6.1",
      "artifacts" : [
        {
          "name" : "fs2-core_3.jar",
          "hash" : "sha1:adb973197a3ad0914442ee59f0c308d930370d4c"
        }
      ],
      "configurations" : [
        "compile",
        "runtime",
        "test"
      ]
    },
    {
      "org" : "co.fs2",
      "name" : "fs2-io_3",
      "version" : "3.6.1",
      "artifacts" : [
        {
          "name" : "fs2-io_3.jar",
          "hash" : "sha1:2215ce3c20301ebea09fc47fe18cf83e54185418"
        }
      ],
      "configurations" : [
        "compile",
        "runtime",
        "test"
      ]
    },
    {
      "org" : "com.comcast",
      "name" : "ip4s-core_3",
      "version" : "3.2.0",
      "artifacts" : [
        {
          "name" : "ip4s-core_3.jar",
          "hash" : "sha1:a91cf664c1f3cd923122dae1641df63ab79054e3"
        }
      ],
      "configurations" : [
        "compile",
        "runtime",
        "test"
      ]
    },
    {
      "org" : "com.google.protobuf",
      "name" : "protobuf-java",
      "version" : "3.25.3",
      "artifacts" : [
        {
          "name" : "protobuf-java.jar",
          "hash" : "sha1:d3200261955f3298e0d85c9892201e70492ce8eb"
        }
      ],
      "configurations" : [
        "compile",
        "runtime",
        "test"
      ]
    },
    {
      "org" : "com.softwaremill.sttp.client3",
      "name" : "async-http-client-backend-cats_3",
      "version" : "3.5.2",
      "artifacts" : [
        {
          "name" : "async-http-client-backend-cats_3.jar",
          "hash" : "sha1:fa2d0e379281c7c03535d3f76e385df7708458f5"
        }
      ],
      "configurations" : [
        "test"
      ]
    },
    {
      "org" : "com.softwaremill.sttp.client3",
      "name" : "async-http-client-backend_3",
      "version" : "3.5.2",
      "artifacts" : [
        {
          "name" : "async-http-client-backend_3.jar",
          "hash" : "sha1:77b83fd573c73d245786bd6de062aa61fa205bbf"
        }
      ],
      "configurations" : [
        "test"
      ]
    },
    {
      "org" : "com.softwaremill.sttp.client3",
      "name" : "cats_3",
      "version" : "3.5.2",
      "artifacts" : [
        {
          "name" : "cats_3.jar",
          "hash" : "sha1:3a32c66453ccf274d7c9affd7402de2c75e4ef01"
        }
      ],
      "configurations" : [
        "test"
      ]
    },
    {
      "org" : "com.softwaremill.sttp.client3",
      "name" : "circe_3",
      "version" : "3.5.2",
      "artifacts" : [
        {
          "name" : "circe_3.jar",
          "hash" : "sha1:ae220994383a40788148acaa2ec907a46df8cd7a"
        }
      ],
      "configurations" : [
        "compile",
        "runtime",
        "test"
      ]
    },
    {
      "org" : "com.softwaremill.sttp.client3",
      "name" : "core_3",
      "version" : "3.5.2",
      "artifacts" : [
        {
          "name" : "core_3.jar",
          "hash" : "sha1:30f9d5bda8b0073caa20e8e9ef21fbc93ba3ad9f"
        }
      ],
      "configurations" : [
        "compile",
        "runtime",
        "test"
      ]
    },
    {
      "org" : "com.softwaremill.sttp.client3",
      "name" : "json-common_3",
      "version" : "3.5.2",
      "artifacts" : [
        {
          "name" : "json-common_3.jar",
          "hash" : "sha1:bde278f034bff6b79087428acf3f3e777075b7a6"
        }
      ],
      "configurations" : [
        "compile",
        "runtime",
        "test"
      ]
    },
    {
      "org" : "com.softwaremill.sttp.model",
      "name" : "core_3",
      "version" : "1.4.25",
      "artifacts" : [
        {
          "name" : "core_3.jar",
          "hash" : "sha1:cb6bced9d5fd98ca1a91e6c1f60ce9162920be57"
        }
      ],
      "configurations" : [
        "compile",
        "runtime",
        "test"
      ]
    },
    {
      "org" : "com.softwaremill.sttp.shared",
      "name" : "core_3",
      "version" : "1.3.4",
      "artifacts" : [
        {
          "name" : "core_3.jar",
          "hash" : "sha1:2ca7fe281da9d2ab2e80fefa020e1b14e823538d"
        }
      ],
      "configurations" : [
        "compile",
        "runtime",
        "test"
      ]
    },
    {
      "org" : "com.softwaremill.sttp.shared",
      "name" : "ws_3",
      "version" : "1.3.4",
      "artifacts" : [
        {
          "name" : "ws_3.jar",
          "hash" : "sha1:4b6842fa1b487d34b6e8dfc529a9f7c3b402339b"
        }
      ],
      "configurations" : [
        "compile",
        "runtime",
        "test"
      ]
    },
    {
      "org" : "com.sun.activation",
      "name" : "jakarta.activation",
      "version" : "1.2.2",
      "artifacts" : [
        {
          "name" : "jakarta.activation.jar",
          "hash" : "sha1:74548703f9851017ce2f556066659438019e7eb5"
        }
      ],
      "configurations" : [
        "test"
      ]
    },
    {
      "org" : "com.typesafe.netty",
      "name" : "netty-reactive-streams",
      "version" : "2.0.4",
      "artifacts" : [
        {
          "name" : "netty-reactive-streams.jar",
          "hash" : "sha1:0f77c8eaa7d5e2f2160b6d21ba385cf726f164b2"
        }
      ],
      "configurations" : [
        "test"
      ]
    },
    {
      "org" : "commons-io",
      "name" : "commons-io",
      "version" : "2.15.0",
      "artifacts" : [
        {
          "name" : "commons-io.jar",
          "hash" : "sha1:5c3c2db10f6f797430a7f9c696b4d1273768c924"
        }
      ],
      "configurations" : [
        "compile",
        "runtime",
        "test"
      ]
    },
    {
      "org" : "io.circe",
      "name" : "circe-core_3",
      "version" : "0.14.9",
      "artifacts" : [
        {
          "name" : "circe-core_3.jar",
          "hash" : "sha1:77ba51c80a56844d5f7f85be374b09c66ff9c6fb"
        }
      ],
      "configurations" : [
        "compile",
        "runtime",
        "test"
      ]
    },
    {
      "org" : "io.circe",
      "name" : "circe-generic_3",
      "version" : "0.14.9",
      "artifacts" : [
        {
          "name" : "circe-generic_3.jar",
          "hash" : "sha1:ef4152196009a86c0362613745cc9d5a22b25450"
        }
      ],
      "configurations" : [
        "compile",
        "runtime",
        "test"
      ]
    },
    {
      "org" : "io.circe",
      "name" : "circe-jawn_3",
      "version" : "0.14.9",
      "artifacts" : [
        {
          "name" : "circe-jawn_3.jar",
          "hash" : "sha1:87a6540ee2b329c6951f400ba230b1b39069c622"
        }
      ],
      "configurations" : [
        "compile",
        "runtime",
        "test"
      ]
    },
    {
      "org" : "io.circe",
      "name" : "circe-literal_3",
      "version" : "0.14.9",
      "artifacts" : [
        {
          "name" : "circe-literal_3.jar",
          "hash" : "sha1:4a55fe1241bf8c143b5752f6f9329713389ea59f"
        }
      ],
      "configurations" : [
        "test"
      ]
    },
    {
      "org" : "io.circe",
      "name" : "circe-numbers_3",
      "version" : "0.14.9",
      "artifacts" : [
        {
          "name" : "circe-numbers_3.jar",
          "hash" : "sha1:28424edcf3b0806fa659395dfdfedf3b2b784041"
        }
      ],
      "configurations" : [
        "compile",
        "runtime",
        "test"
      ]
    },
    {
      "org" : "io.circe",
      "name" : "circe-parser_3",
      "version" : "0.14.9",
      "artifacts" : [
        {
          "name" : "circe-parser_3.jar",
          "hash" : "sha1:5676013d1642b757d0108e8e2ffe2226d6d00d06"
        }
      ],
      "configurations" : [
        "compile",
        "runtime",
        "test"
      ]
    },
    {
      "org" : "io.netty",
      "name" : "netty-buffer",
      "version" : "4.1.60.Final",
      "artifacts" : [
        {
          "name" : "netty-buffer.jar",
          "hash" : "sha1:9d213d090deeca2541ad6827eb3345bcd6e1e701"
        }
      ],
      "configurations" : [
        "test"
      ]
    },
    {
      "org" : "io.netty",
      "name" : "netty-codec",
      "version" : "4.1.60.Final",
      "artifacts" : [
        {
          "name" : "netty-codec.jar",
          "hash" : "sha1:b740d51babe3312a33b505cd8b62c02f3731b2e3"
        }
      ],
      "configurations" : [
        "test"
      ]
    },
    {
      "org" : "io.netty",
      "name" : "netty-codec-http",
      "version" : "4.1.60.Final",
      "artifacts" : [
        {
          "name" : "netty-codec-http.jar",
          "hash" : "sha1:354ca712f909fcd9d8a22e16bf84afcfdc44ec8d"
        }
      ],
      "configurations" : [
        "test"
      ]
    },
    {
      "org" : "io.netty",
      "name" : "netty-codec-socks",
      "version" : "4.1.60.Final",
      "artifacts" : [
        {
          "name" : "netty-codec-socks.jar",
          "hash" : "sha1:6f4573281df659265bd709fd10471c3e00ef6c70"
        }
      ],
      "configurations" : [
        "test"
      ]
    },
    {
      "org" : "io.netty",
      "name" : "netty-common",
      "version" : "4.1.60.Final",
      "artifacts" : [
        {
          "name" : "netty-common.jar",
          "hash" : "sha1:44540113f7148f1014be879663501db8da1c37b0"
        }
      ],
      "configurations" : [
        "test"
      ]
    },
    {
      "org" : "io.netty",
      "name" : "netty-handler",
      "version" : "4.1.60.Final",
      "artifacts" : [
        {
          "name" : "netty-handler.jar",
          "hash" : "sha1:14e28bab0173be10c9631a85069636a0d0221dfe"
        }
      ],
      "configurations" : [
        "test"
      ]
    },
    {
      "org" : "io.netty",
      "name" : "netty-handler-proxy",
      "version" : "4.1.60.Final",
      "artifacts" : [
        {
          "name" : "netty-handler-proxy.jar",
          "hash" : "sha1:2352f12826400e5db64b36fd951508ce9a61c196"
        }
      ],
      "configurations" : [
        "test"
      ]
    },
    {
      "org" : "io.netty",
      "name" : "netty-resolver",
      "version" : "4.1.60.Final",
      "artifacts" : [
        {
          "name" : "netty-resolver.jar",
          "hash" : "sha1:caba5004618d27386ee9d5ee8b23b09b6548fb0b"
        }
      ],
      "configurations" : [
        "test"
      ]
    },
    {
      "org" : "io.netty",
      "name" : "netty-transport",
      "version" : "4.1.60.Final",
      "artifacts" : [
        {
          "name" : "netty-transport.jar",
          "hash" : "sha1:94350c81cc7a78212fb0f52a500f22d1aa9c44d8"
        }
      ],
      "configurations" : [
        "test"
      ]
    },
    {
      "org" : "javax.servlet",
      "name" : "javax.servlet-api",
      "version" : "3.1.0",
      "artifacts" : [
        {
          "name" : "javax.servlet-api.jar",
          "hash" : "sha1:3cd63d075497751784b2fa84be59432f4905bf7c"
        }
      ],
      "configurations" : [
        "test"
      ]
    },
    {
      "org" : "org.asynchttpclient",
      "name" : "async-http-client",
      "version" : "2.12.3",
      "artifacts" : [
        {
          "name" : "async-http-client.jar",
          "hash" : "sha1:6dfc91814cc8b3bc3327246d0e5df36911b9a623"
        }
      ],
      "configurations" : [
        "test"
      ]
    },
    {
      "org" : "org.asynchttpclient",
      "name" : "async-http-client-netty-utils",
      "version" : "2.12.3",
      "artifacts" : [
        {
          "name" : "async-http-client-netty-utils.jar",
          "hash" : "sha1:ad99d8622931ed31367d0fef7fa17eb62e033fb3"
        }
      ],
      "configurations" : [
        "test"
      ]
    },
    {
      "org" : "org.eclipse.jetty",
      "name" : "jetty-http",
      "version" : "9.4.55.v20240627",
      "artifacts" : [
        {
          "name" : "jetty-http.jar",
          "hash" : "sha1:ef807d867948042293487c025f953fb8e7d77622"
        }
      ],
      "configurations" : [
        "test"
      ]
    },
    {
      "org" : "org.eclipse.jetty",
      "name" : "jetty-io",
      "version" : "9.4.55.v20240627",
      "artifacts" : [
        {
          "name" : "jetty-io.jar",
          "hash" : "sha1:fbb259fe460c0f299341b8c1ff7b401095b21cab"
        }
      ],
      "configurations" : [
        "test"
      ]
    },
    {
      "org" : "org.eclipse.jetty",
      "name" : "jetty-security",
      "version" : "9.4.55.v20240627",
      "artifacts" : [
        {
          "name" : "jetty-security.jar",
          "hash" : "sha1:72c5a25f0abedad7b7d25b012539398380a91984"
        }
      ],
      "configurations" : [
        "test"
      ]
    },
    {
      "org" : "org.eclipse.jetty",
      "name" : "jetty-server",
      "version" : "9.4.55.v20240627",
      "artifacts" : [
        {
          "name" : "jetty-server.jar",
          "hash" : "sha1:6acd4d3dba5c237cc4315e68f9a602d6d175992a"
        }
      ],
      "configurations" : [
        "test"
      ]
    },
    {
      "org" : "org.eclipse.jetty",
      "name" : "jetty-servlet",
      "version" : "9.4.55.v20240627",
      "artifacts" : [
        {
          "name" : "jetty-servlet.jar",
          "hash" : "sha1:0c836f9a675bf3b3eb20659de178edd4dcc8b468"
        }
      ],
      "configurations" : [
        "test"
      ]
    },
    {
      "org" : "org.eclipse.jetty",
      "name" : "jetty-util",
      "version" : "9.4.55.v20240627",
      "artifacts" : [
        {
          "name" : "jetty-util.jar",
          "hash" : "sha1:f08e418ce72a2fadcb256ad8a3c9e5ccb2dbe797"
        }
      ],
      "configurations" : [
        "test"
      ]
    },
    {
      "org" : "org.eclipse.jetty",
      "name" : "jetty-util-ajax",
      "version" : "9.4.55.v20240627",
      "artifacts" : [
        {
          "name" : "jetty-util-ajax.jar",
          "hash" : "sha1:d4820f654c3728b1c989bdfc34fd3ecc30f231ac"
        }
      ],
      "configurations" : [
        "test"
      ]
    },
    {
      "org" : "org.reactivestreams",
      "name" : "reactive-streams",
      "version" : "1.0.3",
      "artifacts" : [
        {
          "name" : "reactive-streams.jar",
          "hash" : "sha1:d9fb7a7926ffa635b3dcaa5049fb2bfa25b3e7d0"
        }
      ],
      "configurations" : [
        "test"
      ]
    },
    {
      "org" : "org.scala-lang",
      "name" : "scala-library",
      "version" : "2.13.12",
      "artifacts" : [
        {
          "name" : "scala-library.jar",
          "hash" : "sha1:3c51da898af4ebfac356fcde11388afb2ae8ee82"
        }
      ],
      "configurations" : [
        "compile",
        "runtime",
        "test"
      ]
    },
    {
      "org" : "org.scala-lang",
      "name" : "scala3-library_3",
      "version" : "3.3.3",
      "artifacts" : [
        {
          "name" : "scala3-library_3.jar",
          "hash" : "sha1:8717a89f7030fde424b4ba44608fb2583b5ed159"
        }
      ],
      "configurations" : [
        "compile",
        "runtime",
        "test"
      ]
    },
    {
      "org" : "org.scala-lang.modules",
      "name" : "scala-collection-compat_3",
      "version" : "2.9.0",
      "artifacts" : [
        {
          "name" : "scala-collection-compat_3.jar",
          "hash" : "sha1:ef569b9a2020bab98bbc25ffaf7a0508fe10fd2d"
        }
      ],
      "configurations" : [
        "compile",
        "runtime",
        "test"
      ]
    },
    {
      "org" : "org.scala-lang.modules",
      "name" : "scala-xml_3",
      "version" : "2.1.0",
      "artifacts" : [
        {
          "name" : "scala-xml_3.jar",
          "hash" : "sha1:08825dfc740fdf5b0b3900ee7b62cdbfea3483b8"
        }
      ],
      "configurations" : [
        "test"
      ]
    },
    {
      "org" : "org.scala-sbt",
      "name" : "test-interface",
      "version" : "1.0",
      "artifacts" : [
        {
          "name" : "test-interface.jar",
          "hash" : "sha1:0a3f14d010c4cb32071f863d97291df31603b521"
        }
      ],
      "configurations" : [
        "test"
      ]
    },
    {
      "org" : "org.scalacheck",
      "name" : "scalacheck_3",
      "version" : "1.17.0",
      "artifacts" : [
        {
          "name" : "scalacheck_3.jar",
          "hash" : "sha1:c574ec3a25cdb3c8c4d79adac2a36ecac4583b53"
        }
      ],
      "configurations" : [
        "test"
      ]
    },
    {
      "org" : "org.scalactic",
      "name" : "scalactic_3",
      "version" : "3.2.19",
      "artifacts" : [
        {
          "name" : "scalactic_3.jar",
          "hash" : "sha1:568eeb37bc037ecabce2b232b5f5870eee033c7f"
        }
      ],
      "configurations" : [
        "test"
      ]
    },
    {
      "org" : "org.scalatest",
      "name" : "scalatest-compatible",
      "version" : "3.2.19",
      "artifacts" : [
        {
          "name" : "scalatest-compatible.jar",
          "hash" : "sha1:609bc82cc06a1322f60039a81fc003ee81d7064f"
        }
      ],
      "configurations" : [
        "test"
      ]
    },
    {
      "org" : "org.scalatest",
      "name" : "scalatest-core_3",
      "version" : "3.2.19",
      "artifacts" : [
        {
          "name" : "scalatest-core_3.jar",
          "hash" : "sha1:dbdada24120fcfca3e5391c590b84372b25a51b3"
        }
      ],
      "configurations" : [
        "test"
      ]
    },
    {
      "org" : "org.scalatest",
      "name" : "scalatest-diagrams_3",
      "version" : "3.2.19",
      "artifacts" : [
        {
          "name" : "scalatest-diagrams_3.jar",
          "hash" : "sha1:45e41a48bbee2a1d4d4008d08720e2368c0e9e82"
        }
      ],
      "configurations" : [
        "test"
      ]
    },
    {
      "org" : "org.scalatest",
      "name" : "scalatest-featurespec_3",
      "version" : "3.2.19",
      "artifacts" : [
        {
          "name" : "scalatest-featurespec_3.jar",
          "hash" : "sha1:2afa0ba275c6b24f9cd27fb71da7d222b43591ca"
        }
      ],
      "configurations" : [
        "test"
      ]
    },
    {
      "org" : "org.scalatest",
      "name" : "scalatest-flatspec_3",
      "version" : "3.2.19",
      "artifacts" : [
        {
          "name" : "scalatest-flatspec_3.jar",
          "hash" : "sha1:a95158a09a7ac65adbbd0de6fe65d6d0b6aaad55"
        }
      ],
      "configurations" : [
        "test"
      ]
    },
    {
      "org" : "org.scalatest",
      "name" : "scalatest-freespec_3",
      "version" : "3.2.19",
      "artifacts" : [
        {
          "name" : "scalatest-freespec_3.jar",
          "hash" : "sha1:f00dd1ac0107ee2beab9fd4d44208cec411ccf20"
        }
      ],
      "configurations" : [
        "test"
      ]
    },
    {
      "org" : "org.scalatest",
      "name" : "scalatest-funspec_3",
      "version" : "3.2.19",
      "artifacts" : [
        {
          "name" : "scalatest-funspec_3.jar",
          "hash" : "sha1:48751d9d2a022510ecba14fd479529dbef1764ec"
        }
      ],
      "configurations" : [
        "test"
      ]
    },
    {
      "org" : "org.scalatest",
      "name" : "scalatest-funsuite_3",
      "version" : "3.2.19",
      "artifacts" : [
        {
          "name" : "scalatest-funsuite_3.jar",
          "hash" : "sha1:5dd75633e7671072f88c7a84218e0dcd97fea526"
        }
      ],
      "configurations" : [
        "test"
      ]
    },
    {
      "org" : "org.scalatest",
      "name" : "scalatest-matchers-core_3",
      "version" : "3.2.19",
      "artifacts" : [
        {
          "name" : "scalatest-matchers-core_3.jar",
          "hash" : "sha1:6aba956733cd56e48d7defa14a982e8377581f5a"
        }
      ],
      "configurations" : [
        "test"
      ]
    },
    {
      "org" : "org.scalatest",
      "name" : "scalatest-mustmatchers_3",
      "version" : "3.2.19",
      "artifacts" : [
        {
          "name" : "scalatest-mustmatchers_3.jar",
          "hash" : "sha1:978bec77fcb36688b03fbf7c1d34f2cff55bd55b"
        }
      ],
      "configurations" : [
        "test"
      ]
    },
    {
      "org" : "org.scalatest",
      "name" : "scalatest-propspec_3",
      "version" : "3.2.19",
      "artifacts" : [
        {
          "name" : "scalatest-propspec_3.jar",
          "hash" : "sha1:6e5aa18878f69109e4080ca97da50e520ddfe0d4"
        }
      ],
      "configurations" : [
        "test"
      ]
    },
    {
      "org" : "org.scalatest",
      "name" : "scalatest-refspec_3",
      "version" : "3.2.19",
      "artifacts" : [
        {
          "name" : "scalatest-refspec_3.jar",
          "hash" : "sha1:88160253f5bd278eeb78ba315f3b29475fad2114"
        }
      ],
      "configurations" : [
        "test"
      ]
    },
    {
      "org" : "org.scalatest",
      "name" : "scalatest-shouldmatchers_3",
      "version" : "3.2.19",
      "artifacts" : [
        {
          "name" : "scalatest-shouldmatchers_3.jar",
          "hash" : "sha1:62251750a0c8a9bfdea43e830dea18d45075c75b"
        }
      ],
      "configurations" : [
        "test"
      ]
    },
    {
      "org" : "org.scalatest",
      "name" : "scalatest-wordspec_3",
      "version" : "3.2.19",
      "artifacts" : [
        {
          "name" : "scalatest-wordspec_3.jar",
          "hash" : "sha1:8608175a7b03081e80bed32ef5ac2daadf07f418"
        }
      ],
      "configurations" : [
        "test"
      ]
    },
    {
      "org" : "org.scalatest",
      "name" : "scalatest_3",
      "version" : "3.2.19",
      "artifacts" : [
        {
          "name" : "scalatest_3.jar",
          "hash" : "sha1:e93bad4d3da3705446569085aab67e978f7485e5"
        }
      ],
      "configurations" : [
        "test"
      ]
    },
    {
      "org" : "org.scodec",
      "name" : "scodec-bits_3",
      "version" : "1.1.35",
      "artifacts" : [
        {
          "name" : "scodec-bits_3.jar",
          "hash" : "sha1:3d3142b28a4008d1bbc8f07c5e1522532c0271f4"
        }
      ],
      "configurations" : [
        "compile",
        "runtime",
        "test"
      ]
    },
    {
      "org" : "org.slf4j",
      "name" : "slf4j-api",
      "version" : "1.7.30",
      "artifacts" : [
        {
          "name" : "slf4j-api.jar",
          "hash" : "sha1:b5a4b6d16ab13e34a88fae84c35cd5d68cac922c"
        }
      ],
      "configurations" : [
        "test"
      ]
    },
    {
      "org" : "org.tpolecat",
      "name" : "natchez-core_3",
      "version" : "0.3.1",
      "artifacts" : [
        {
          "name" : "natchez-core_3.jar",
          "hash" : "sha1:d4becbaf958d9aed831a221410455f3928c15af7"
        }
      ],
      "configurations" : [
        "compile",
        "runtime",
        "test"
      ]
    },
    {
      "org" : "org.typelevel",
      "name" : "case-insensitive_3",
      "version" : "1.3.0",
      "artifacts" : [
        {
          "name" : "case-insensitive_3.jar",
          "hash" : "sha1:f2f2c803b3980fc28e27090b53609e93b73acfe7"
        }
      ],
      "configurations" : [
        "compile",
        "runtime",
        "test"
      ]
    },
    {
      "org" : "org.typelevel",
      "name" : "cats-core_3",
      "version" : "2.12.0",
      "artifacts" : [
        {
          "name" : "cats-core_3.jar",
          "hash" : "sha1:b253dca30971fd04a4ee5e3f5e9f6e623257656b"
        }
      ],
      "configurations" : [
        "compile",
        "runtime",
        "test"
      ]
    },
    {
      "org" : "org.typelevel",
      "name" : "cats-effect-kernel-testkit_3",
      "version" : "3.5.4",
      "artifacts" : [
        {
          "name" : "cats-effect-kernel-testkit_3.jar",
          "hash" : "sha1:3fede3d7329bb99e275aed5e8afed005116f3dda"
        }
      ],
      "configurations" : [
        "test"
      ]
    },
    {
      "org" : "org.typelevel",
      "name" : "cats-effect-kernel_3",
      "version" : "3.5.4",
      "artifacts" : [
        {
          "name" : "cats-effect-kernel_3.jar",
          "hash" : "sha1:6a1de40494d66e8a858a77c616783c2264b1d938"
        }
      ],
      "configurations" : [
        "compile",
        "runtime",
        "test"
      ]
    },
    {
      "org" : "org.typelevel",
      "name" : "cats-effect-laws_3",
      "version" : "3.5.4",
      "artifacts" : [
        {
          "name" : "cats-effect-laws_3.jar",
          "hash" : "sha1:6b5590da7fb56935049dc134e41faa1c68fbeed3"
        }
      ],
      "configurations" : [
        "test"
      ]
    },
    {
      "org" : "org.typelevel",
      "name" : "cats-effect-std_3",
      "version" : "3.5.4",
      "artifacts" : [
        {
          "name" : "cats-effect-std_3.jar",
          "hash" : "sha1:45a43dc229ff76b0feaeae2f0665e0a7c7c091db"
        }
      ],
      "configurations" : [
        "compile",
        "runtime",
        "test"
      ]
    },
    {
      "org" : "org.typelevel",
      "name" : "cats-effect-testkit_3",
      "version" : "3.5.4",
      "artifacts" : [
        {
          "name" : "cats-effect-testkit_3.jar",
          "hash" : "sha1:590ca21aab478fb7754a39b0e4658c4898969ce3"
        }
      ],
      "configurations" : [
        "test"
      ]
    },
    {
      "org" : "org.typelevel",
      "name" : "cats-effect_3",
      "version" : "3.5.4",
      "artifacts" : [
        {
          "name" : "cats-effect_3.jar",
          "hash" : "sha1:50268b1c97dbd9ed99aa7810276f5b78704fec66"
        }
      ],
      "configurations" : [
        "compile",
        "runtime",
        "test"
      ]
    },
    {
      "org" : "org.typelevel",
      "name" : "cats-free_3",
      "version" : "2.9.0",
      "artifacts" : [
        {
          "name" : "cats-free_3.jar",
          "hash" : "sha1:e21ad368ea12fa4e0b2754cd690f10f7a8c6e72e"
        }
      ],
      "configurations" : [
        "test"
      ]
    },
    {
      "org" : "org.typelevel",
      "name" : "cats-kernel-laws_3",
      "version" : "2.9.0",
      "artifacts" : [
        {
          "name" : "cats-kernel-laws_3.jar",
          "hash" : "sha1:a42f0b38b3167912266dfc84e6b3094450441fcd"
        }
      ],
      "configurations" : [
        "test"
      ]
    },
    {
      "org" : "org.typelevel",
      "name" : "cats-kernel_3",
      "version" : "2.12.0",
      "artifacts" : [
        {
          "name" : "cats-kernel_3.jar",
          "hash" : "sha1:6839388dbf6385fabceff4e8927c0b79562c4e42"
        }
      ],
      "configurations" : [
        "compile",
        "runtime",
        "test"
      ]
    },
    {
      "org" : "org.typelevel",
      "name" : "cats-laws_3",
      "version" : "2.9.0",
      "artifacts" : [
        {
          "name" : "cats-laws_3.jar",
          "hash" : "sha1:401e563744ac11a4b5521ca46feb350dd91be013"
        }
      ],
      "configurations" : [
        "test"
      ]
    },
    {
      "org" : "org.typelevel",
      "name" : "cats-mtl_3",
      "version" : "1.3.0",
      "artifacts" : [
        {
          "name" : "cats-mtl_3.jar",
          "hash" : "sha1:000f6ca0ca446718a7c8e45ea351aefeca7020ed"
        }
      ],
      "configurations" : [
        "test"
      ]
    },
    {
      "org" : "org.typelevel",
      "name" : "coop_3",
      "version" : "1.2.0",
      "artifacts" : [
        {
          "name" : "coop_3.jar",
          "hash" : "sha1:2ea92a92d002a67f7eaac9166fab5f4591b04d59"
        }
      ],
      "configurations" : [
        "test"
      ]
    },
    {
      "org" : "org.typelevel",
      "name" : "discipline-core_3",
      "version" : "1.5.1",
      "artifacts" : [
        {
          "name" : "discipline-core_3.jar",
          "hash" : "sha1:8112ba3b03bb321bc7d013f9cd2e58f4b1aff9c5"
        }
      ],
      "configurations" : [
        "test"
      ]
    },
    {
      "org" : "org.typelevel",
      "name" : "jawn-parser_3",
      "version" : "1.6.0",
      "artifacts" : [
        {
          "name" : "jawn-parser_3.jar",
          "hash" : "sha1:a89f3e40146a2afb775baafa89c7493506403856"
        }
      ],
      "configurations" : [
        "compile",
        "runtime",
        "test"
      ]
    },
    {
      "org" : "org.typelevel",
      "name" : "literally_3",
      "version" : "1.1.0",
      "artifacts" : [
        {
          "name" : "literally_3.jar",
          "hash" : "sha1:14eb53559df5119d79b721449519c7b683b3eb50"
        }
      ],
      "configurations" : [
        "compile",
        "runtime",
        "test"
      ]
    }
  ]
}