{
  "lockVersion" : 1,
  "timestamp" : "2024-07-19T12:06:15.570528568Z",
  "configurations" : [
    "compile",
    "optional",
    "protobuf",
    "provided",
    "runtime",
    "scalafix",
    "test"
  ],
  "dependencies" : [
    {
      "org" : "co.fs2",
      "name" : "fs2-core_2.12",
      "version" : "3.10.2",
      "artifacts" : [
        {
          "name" : "fs2-core_2.12.jar",
          "hash" : "sha1:413c7d123f943eea68f6c77907318e58e0410ad4"
        }
      ],
      "configurations" : [
        "compile",
        "runtime",
        "test"
      ]
    },
    {
      "org" : "co.fs2",
      "name" : "fs2-io_2.12",
      "version" : "3.10.2",
      "artifacts" : [
        {
          "name" : "fs2-io_2.12.jar",
          "hash" : "sha1:89cefd0c05480d603e26d4b92a3d8284b8ec7b4a"
        }
      ],
      "configurations" : [
        "compile",
        "runtime",
        "test"
      ]
    },
    {
      "org" : "com.chuusai",
      "name" : "shapeless_2.12",
      "version" : "2.3.12",
      "artifacts" : [
        {
          "name" : "shapeless_2.12.jar",
          "hash" : "sha1:e816b6b44e5f317b1ba3acb887358e04eb3b1ca8"
        }
      ],
      "configurations" : [
        "compile",
        "runtime",
        "test"
      ]
    },
    {
      "org" : "com.comcast",
      "name" : "ip4s-core_2.12",
      "version" : "3.5.0",
      "artifacts" : [
        {
          "name" : "ip4s-core_2.12.jar",
          "hash" : "sha1:19d582e20c3cb27c1481b7e43baea0fa90aa7cd6"
        }
      ],
      "configurations" : [
        "compile",
        "runtime",
        "test"
      ]
    },
    {
      "org" : "com.google.protobuf",
      "name" : "protobuf-java",
      "version" : "3.25.3",
      "artifacts" : [
        {
          "name" : "protobuf-java.jar",
          "hash" : "sha1:d3200261955f3298e0d85c9892201e70492ce8eb"
        }
      ],
      "configurations" : [
        "compile",
        "runtime",
        "test"
      ]
    },
    {
      "org" : "com.softwaremill.sttp.client3",
      "name" : "async-http-client-backend-cats_2.12",
      "version" : "3.5.2",
      "artifacts" : [
        {
          "name" : "async-http-client-backend-cats_2.12.jar",
          "hash" : "sha1:c32dd8df1ede62e710312266a57b26fae7bf8b86"
        }
      ],
      "configurations" : [
        "test"
      ]
    },
    {
      "org" : "com.softwaremill.sttp.client3",
      "name" : "async-http-client-backend_2.12",
      "version" : "3.5.2",
      "artifacts" : [
        {
          "name" : "async-http-client-backend_2.12.jar",
          "hash" : "sha1:59b7740ed98e783b3b6bfd096edefaa0b7d458ec"
        }
      ],
      "configurations" : [
        "test"
      ]
    },
    {
      "org" : "com.softwaremill.sttp.client3",
      "name" : "cats_2.12",
      "version" : "3.5.2",
      "artifacts" : [
        {
          "name" : "cats_2.12.jar",
          "hash" : "sha1:a859ae377bfdbb1d7e16f58890b84d163f12d646"
        }
      ],
      "configurations" : [
        "test"
      ]
    },
    {
      "org" : "com.softwaremill.sttp.client3",
      "name" : "circe_2.12",
      "version" : "3.5.2",
      "artifacts" : [
        {
          "name" : "circe_2.12.jar",
          "hash" : "sha1:6e7629e4472a797186f0df00f339f5f708dbca8d"
        }
      ],
      "configurations" : [
        "compile",
        "runtime",
        "test"
      ]
    },
    {
      "org" : "com.softwaremill.sttp.client3",
      "name" : "core_2.12",
      "version" : "3.5.2",
      "artifacts" : [
        {
          "name" : "core_2.12.jar",
          "hash" : "sha1:999f1ed7549feadcf0fac88cbbd39cd43b8d51bc"
        }
      ],
      "configurations" : [
        "compile",
        "runtime",
        "test"
      ]
    },
    {
      "org" : "com.softwaremill.sttp.client3",
      "name" : "json-common_2.12",
      "version" : "3.5.2",
      "artifacts" : [
        {
          "name" : "json-common_2.12.jar",
          "hash" : "sha1:7035102dd88992d7cf938ae45d704dcd8714af9e"
        }
      ],
      "configurations" : [
        "compile",
        "runtime",
        "test"
      ]
    },
    {
      "org" : "com.softwaremill.sttp.model",
      "name" : "core_2.12",
      "version" : "1.4.25",
      "artifacts" : [
        {
          "name" : "core_2.12.jar",
          "hash" : "sha1:c35b7c3664304713dee397db6001226a9afb651f"
        }
      ],
      "configurations" : [
        "compile",
        "runtime",
        "test"
      ]
    },
    {
      "org" : "com.softwaremill.sttp.shared",
      "name" : "core_2.12",
      "version" : "1.3.4",
      "artifacts" : [
        {
          "name" : "core_2.12.jar",
          "hash" : "sha1:d4003b8040b518e05d1e122fb3da9c24c585f3d5"
        }
      ],
      "configurations" : [
        "compile",
        "runtime",
        "test"
      ]
    },
    {
      "org" : "com.softwaremill.sttp.shared",
      "name" : "ws_2.12",
      "version" : "1.3.4",
      "artifacts" : [
        {
          "name" : "ws_2.12.jar",
          "hash" : "sha1:60650da91689e95760cd837bb13732dc94fe6d18"
        }
      ],
      "configurations" : [
        "compile",
        "runtime",
        "test"
      ]
    },
    {
      "org" : "com.sun.activation",
      "name" : "jakarta.activation",
      "version" : "1.2.2",
      "artifacts" : [
        {
          "name" : "jakarta.activation.jar",
          "hash" : "sha1:74548703f9851017ce2f556066659438019e7eb5"
        }
      ],
      "configurations" : [
        "test"
      ]
    },
    {
      "org" : "com.typesafe.netty",
      "name" : "netty-reactive-streams",
      "version" : "2.0.4",
      "artifacts" : [
        {
          "name" : "netty-reactive-streams.jar",
          "hash" : "sha1:0f77c8eaa7d5e2f2160b6d21ba385cf726f164b2"
        }
      ],
      "configurations" : [
        "test"
      ]
    },
    {
      "org" : "commons-io",
      "name" : "commons-io",
      "version" : "2.16.1",
      "artifacts" : [
        {
          "name" : "commons-io.jar",
          "hash" : "sha1:377d592e740dc77124e0901291dbfaa6810a200e"
        }
      ],
      "configurations" : [
        "compile",
        "runtime",
        "test"
      ]
    },
    {
      "org" : "io.circe",
      "name" : "circe-core_2.12",
      "version" : "0.14.9",
      "artifacts" : [
        {
          "name" : "circe-core_2.12.jar",
          "hash" : "sha1:9f5a1f80cf69a7388637aea8abc018f9576a0db9"
        }
      ],
      "configurations" : [
        "compile",
        "runtime",
        "test"
      ]
    },
    {
      "org" : "io.circe",
      "name" : "circe-generic_2.12",
      "version" : "0.14.9",
      "artifacts" : [
        {
          "name" : "circe-generic_2.12.jar",
          "hash" : "sha1:68ac9321613451e2b8184bbbc4ad0b38067de244"
        }
      ],
      "configurations" : [
        "compile",
        "runtime",
        "test"
      ]
    },
    {
      "org" : "io.circe",
      "name" : "circe-jawn_2.12",
      "version" : "0.14.9",
      "artifacts" : [
        {
          "name" : "circe-jawn_2.12.jar",
          "hash" : "sha1:31d65a9d6796f589017859396f08499dd4c55029"
        }
      ],
      "configurations" : [
        "compile",
        "runtime",
        "test"
      ]
    },
    {
      "org" : "io.circe",
      "name" : "circe-literal_2.12",
      "version" : "0.14.9",
      "artifacts" : [
        {
          "name" : "circe-literal_2.12.jar",
          "hash" : "sha1:697814f89889a49002059585e8338913d00be7f3"
        }
      ],
      "configurations" : [
        "test"
      ]
    },
    {
      "org" : "io.circe",
      "name" : "circe-numbers_2.12",
      "version" : "0.14.9",
      "artifacts" : [
        {
          "name" : "circe-numbers_2.12.jar",
          "hash" : "sha1:410901d0a79878d2ee24feb5295b6809fff04a52"
        }
      ],
      "configurations" : [
        "compile",
        "runtime",
        "test"
      ]
    },
    {
      "org" : "io.circe",
      "name" : "circe-parser_2.12",
      "version" : "0.14.9",
      "artifacts" : [
        {
          "name" : "circe-parser_2.12.jar",
          "hash" : "sha1:389b0d3cc3e08b7997ad696132cb90caa6a0390c"
        }
      ],
      "configurations" : [
        "compile",
        "runtime",
        "test"
      ]
    },
    {
      "org" : "io.netty",
      "name" : "netty-buffer",
      "version" : "4.1.60.Final",
      "artifacts" : [
        {
          "name" : "netty-buffer.jar",
          "hash" : "sha1:9d213d090deeca2541ad6827eb3345bcd6e1e701"
        }
      ],
      "configurations" : [
        "test"
      ]
    },
    {
      "org" : "io.netty",
      "name" : "netty-codec",
      "version" : "4.1.60.Final",
      "artifacts" : [
        {
          "name" : "netty-codec.jar",
          "hash" : "sha1:b740d51babe3312a33b505cd8b62c02f3731b2e3"
        }
      ],
      "configurations" : [
        "test"
      ]
    },
    {
      "org" : "io.netty",
      "name" : "netty-codec-http",
      "version" : "4.1.60.Final",
      "artifacts" : [
        {
          "name" : "netty-codec-http.jar",
          "hash" : "sha1:354ca712f909fcd9d8a22e16bf84afcfdc44ec8d"
        }
      ],
      "configurations" : [
        "test"
      ]
    },
    {
      "org" : "io.netty",
      "name" : "netty-codec-socks",
      "version" : "4.1.60.Final",
      "artifacts" : [
        {
          "name" : "netty-codec-socks.jar",
          "hash" : "sha1:6f4573281df659265bd709fd10471c3e00ef6c70"
        }
      ],
      "configurations" : [
        "test"
      ]
    },
    {
      "org" : "io.netty",
      "name" : "netty-common",
      "version" : "4.1.60.Final",
      "artifacts" : [
        {
          "name" : "netty-common.jar",
          "hash" : "sha1:44540113f7148f1014be879663501db8da1c37b0"
        }
      ],
      "configurations" : [
        "test"
      ]
    },
    {
      "org" : "io.netty",
      "name" : "netty-handler",
      "version" : "4.1.60.Final",
      "artifacts" : [
        {
          "name" : "netty-handler.jar",
          "hash" : "sha1:14e28bab0173be10c9631a85069636a0d0221dfe"
        }
      ],
      "configurations" : [
        "test"
      ]
    },
    {
      "org" : "io.netty",
      "name" : "netty-handler-proxy",
      "version" : "4.1.60.Final",
      "artifacts" : [
        {
          "name" : "netty-handler-proxy.jar",
          "hash" : "sha1:2352f12826400e5db64b36fd951508ce9a61c196"
        }
      ],
      "configurations" : [
        "test"
      ]
    },
    {
      "org" : "io.netty",
      "name" : "netty-resolver",
      "version" : "4.1.60.Final",
      "artifacts" : [
        {
          "name" : "netty-resolver.jar",
          "hash" : "sha1:caba5004618d27386ee9d5ee8b23b09b6548fb0b"
        }
      ],
      "configurations" : [
        "test"
      ]
    },
    {
      "org" : "io.netty",
      "name" : "netty-transport",
      "version" : "4.1.60.Final",
      "artifacts" : [
        {
          "name" : "netty-transport.jar",
          "hash" : "sha1:94350c81cc7a78212fb0f52a500f22d1aa9c44d8"
        }
      ],
      "configurations" : [
        "test"
      ]
    },
    {
      "org" : "org.asynchttpclient",
      "name" : "async-http-client",
      "version" : "2.12.3",
      "artifacts" : [
        {
          "name" : "async-http-client.jar",
          "hash" : "sha1:6dfc91814cc8b3bc3327246d0e5df36911b9a623"
        }
      ],
      "configurations" : [
        "test"
      ]
    },
    {
      "org" : "org.asynchttpclient",
      "name" : "async-http-client-netty-utils",
      "version" : "2.12.3",
      "artifacts" : [
        {
          "name" : "async-http-client-netty-utils.jar",
          "hash" : "sha1:ad99d8622931ed31367d0fef7fa17eb62e033fb3"
        }
      ],
      "configurations" : [
        "test"
      ]
    },
    {
      "org" : "org.eclipse.jetty",
      "name" : "jetty-http",
      "version" : "12.0.11",
      "artifacts" : [
        {
          "name" : "jetty-http.jar",
          "hash" : "sha1:1aec49c79c264326eb9f1ae0e4c52b05943006a3"
        }
      ],
      "configurations" : [
        "test"
      ]
    },
    {
      "org" : "org.eclipse.jetty",
      "name" : "jetty-io",
      "version" : "12.0.11",
      "artifacts" : [
        {
          "name" : "jetty-io.jar",
          "hash" : "sha1:e8bbb4252fa97a0be441f2dc8ea21f0a1527b844"
        }
      ],
      "configurations" : [
        "test"
      ]
    },
    {
      "org" : "org.eclipse.jetty",
      "name" : "jetty-security",
      "version" : "12.0.11",
      "artifacts" : [
        {
          "name" : "jetty-security.jar",
          "hash" : "sha1:ea7a58524334418a2f157d5da7e524348c53b4aa"
        }
      ],
      "configurations" : [
        "test"
      ]
    },
    {
      "org" : "org.eclipse.jetty",
      "name" : "jetty-server",
      "version" : "12.0.11",
      "artifacts" : [
        {
          "name" : "jetty-server.jar",
          "hash" : "sha1:29bbd9455c7c94685abfbb02f993f42cf62b64a6"
        }
      ],
      "configurations" : [
        "test"
      ]
    },
    {
      "org" : "org.eclipse.jetty",
      "name" : "jetty-session",
      "version" : "12.0.11",
      "artifacts" : [
        {
          "name" : "jetty-session.jar",
          "hash" : "sha1:2e0a6fb4a4e2597af0503247ce942886a5400823"
        }
      ],
      "configurations" : [
        "test"
      ]
    },
    {
      "org" : "org.eclipse.jetty",
      "name" : "jetty-util",
      "version" : "12.0.11",
      "artifacts" : [
        {
          "name" : "jetty-util.jar",
          "hash" : "sha1:4e670d1372f135b25f7c2d380b2069a6cfb4920b"
        }
      ],
      "configurations" : [
        "test"
      ]
    },
    {
      "org" : "org.eclipse.jetty.ee8",
      "name" : "jetty-ee8-nested",
      "version" : "12.0.11",
      "artifacts" : [
        {
          "name" : "jetty-ee8-nested.jar",
          "hash" : "sha1:2fc91c1e6e9ff01ae21e162f13d577156a1dc3f0"
        }
      ],
      "configurations" : [
        "test"
      ]
    },
    {
      "org" : "org.eclipse.jetty.ee8",
      "name" : "jetty-ee8-security",
      "version" : "12.0.11",
      "artifacts" : [
        {
          "name" : "jetty-ee8-security.jar",
          "hash" : "sha1:172f522843806ecf4cabff4eccf52a252154b028"
        }
      ],
      "configurations" : [
        "test"
      ]
    },
    {
      "org" : "org.eclipse.jetty.ee8",
      "name" : "jetty-ee8-servlet",
      "version" : "12.0.11",
      "artifacts" : [
        {
          "name" : "jetty-ee8-servlet.jar",
          "hash" : "sha1:f8c5237995dcf9c98a877c98d07dd3be70863674"
        }
      ],
      "configurations" : [
        "test"
      ]
    },
    {
      "org" : "org.eclipse.jetty.toolchain",
      "name" : "jetty-servlet-api",
      "version" : "4.0.6",
      "artifacts" : [
        {
          "name" : "jetty-servlet-api.jar",
          "hash" : "sha1:959c5d83d08f5cddf56caff749e48b735193191b"
        }
      ],
      "configurations" : [
        "test"
      ]
    },
    {
      "org" : "org.reactivestreams",
      "name" : "reactive-streams",
      "version" : "1.0.3",
      "artifacts" : [
        {
          "name" : "reactive-streams.jar",
          "hash" : "sha1:d9fb7a7926ffa635b3dcaa5049fb2bfa25b3e7d0"
        }
      ],
      "configurations" : [
        "test"
      ]
    },
    {
      "org" : "org.scala-lang",
      "name" : "scala-library",
      "version" : "2.12.19",
      "artifacts" : [
        {
          "name" : "scala-library.jar",
          "hash" : "sha1:719d843f28afd3239726b7aab9c5c9171aae1d80"
        }
      ],
      "configurations" : [
        "compile",
        "runtime",
        "test"
      ]
    },
    {
      "org" : "org.scala-lang",
      "name" : "scala-reflect",
      "version" : "2.12.19",
      "artifacts" : [
        {
          "name" : "scala-reflect.jar",
          "hash" : "sha1:76c5600f371936a8c8fed925cb76791e212d3715"
        }
      ],
      "configurations" : [
        "test"
      ]
    },
    {
      "org" : "org.scala-lang.modules",
      "name" : "scala-collection-compat_2.12",
      "version" : "2.11.0",
      "artifacts" : [
        {
          "name" : "scala-collection-compat_2.12.jar",
          "hash" : "sha1:965bfcb4ca7f821113b4877154457f9a4fae2328"
        }
      ],
      "configurations" : [
        "compile",
        "runtime",
        "test"
      ]
    },
    {
      "org" : "org.scala-lang.modules",
      "name" : "scala-xml_2.12",
      "version" : "2.1.0",
      "artifacts" : [
        {
          "name" : "scala-xml_2.12.jar",
          "hash" : "sha1:16b228fa6f9d5afece0f2d2d6d5b03d5372dbea4"
        }
      ],
      "configurations" : [
        "test"
      ]
    },
    {
      "org" : "org.scala-sbt",
      "name" : "test-interface",
      "version" : "1.0",
      "artifacts" : [
        {
          "name" : "test-interface.jar",
          "hash" : "sha1:0a3f14d010c4cb32071f863d97291df31603b521"
        }
      ],
      "configurations" : [
        "test"
      ]
    },
    {
      "org" : "org.scalacheck",
      "name" : "scalacheck_2.12",
      "version" : "1.17.0",
      "artifacts" : [
        {
          "name" : "scalacheck_2.12.jar",
          "hash" : "sha1:a3d1bd03364fdd7cadd5b2762dfcd8338cbc5a89"
        }
      ],
      "configurations" : [
        "test"
      ]
    },
    {
      "org" : "org.scalactic",
      "name" : "scalactic_2.12",
      "version" : "3.2.19",
      "artifacts" : [
        {
          "name" : "scalactic_2.12.jar",
          "hash" : "sha1:f44c38dc8c1bf32e8b62ce6f2646f2ee654ad908"
        }
      ],
      "configurations" : [
        "test"
      ]
    },
    {
      "org" : "org.scalatest",
      "name" : "scalatest-compatible",
      "version" : "3.2.19",
      "artifacts" : [
        {
          "name" : "scalatest-compatible.jar",
          "hash" : "sha1:609bc82cc06a1322f60039a81fc003ee81d7064f"
        }
      ],
      "configurations" : [
        "test"
      ]
    },
    {
      "org" : "org.scalatest",
      "name" : "scalatest-core_2.12",
      "version" : "3.2.19",
      "artifacts" : [
        {
          "name" : "scalatest-core_2.12.jar",
          "hash" : "sha1:ccd92be9917fc31dfc1ad715b0db7ee099f031d4"
        }
      ],
      "configurations" : [
        "test"
      ]
    },
    {
      "org" : "org.scalatest",
      "name" : "scalatest-diagrams_2.12",
      "version" : "3.2.19",
      "artifacts" : [
        {
          "name" : "scalatest-diagrams_2.12.jar",
          "hash" : "sha1:06024107797b8388e7567c0ddbb82f5d7ff090cc"
        }
      ],
      "configurations" : [
        "test"
      ]
    },
    {
      "org" : "org.scalatest",
      "name" : "scalatest-featurespec_2.12",
      "version" : "3.2.19",
      "artifacts" : [
        {
          "name" : "scalatest-featurespec_2.12.jar",
          "hash" : "sha1:e266f8e4c3f90170ed1c8c4bf03747674d65a62c"
        }
      ],
      "configurations" : [
        "test"
      ]
    },
    {
      "org" : "org.scalatest",
      "name" : "scalatest-flatspec_2.12",
      "version" : "3.2.19",
      "artifacts" : [
        {
          "name" : "scalatest-flatspec_2.12.jar",
          "hash" : "sha1:22123639591feca40655c889849feef989367569"
        }
      ],
      "configurations" : [
        "test"
      ]
    },
    {
      "org" : "org.scalatest",
      "name" : "scalatest-freespec_2.12",
      "version" : "3.2.19",
      "artifacts" : [
        {
          "name" : "scalatest-freespec_2.12.jar",
          "hash" : "sha1:49b8a3c33106f79c2ca237127c8a09bf493259f1"
        }
      ],
      "configurations" : [
        "test"
      ]
    },
    {
      "org" : "org.scalatest",
      "name" : "scalatest-funspec_2.12",
      "version" : "3.2.19",
      "artifacts" : [
        {
          "name" : "scalatest-funspec_2.12.jar",
          "hash" : "sha1:31f487e45fe268b0705c7e1eac357ac39231ff53"
        }
      ],
      "configurations" : [
        "test"
      ]
    },
    {
      "org" : "org.scalatest",
      "name" : "scalatest-funsuite_2.12",
      "version" : "3.2.19",
      "artifacts" : [
        {
          "name" : "scalatest-funsuite_2.12.jar",
          "hash" : "sha1:8451d0c1864697ed33ea2738bd16a64cd2d6c5d8"
        }
      ],
      "configurations" : [
        "test"
      ]
    },
    {
      "org" : "org.scalatest",
      "name" : "scalatest-matchers-core_2.12",
      "version" : "3.2.19",
      "artifacts" : [
        {
          "name" : "scalatest-matchers-core_2.12.jar",
          "hash" : "sha1:f5eb4d0b700b73432288d39405d52d1720d6bdee"
        }
      ],
      "configurations" : [
        "test"
      ]
    },
    {
      "org" : "org.scalatest",
      "name" : "scalatest-mustmatchers_2.12",
      "version" : "3.2.19",
      "artifacts" : [
        {
          "name" : "scalatest-mustmatchers_2.12.jar",
          "hash" : "sha1:6e6e5e6518b3a18d1a66e6cea79aa98246df390e"
        }
      ],
      "configurations" : [
        "test"
      ]
    },
    {
      "org" : "org.scalatest",
      "name" : "scalatest-propspec_2.12",
      "version" : "3.2.19",
      "artifacts" : [
        {
          "name" : "scalatest-propspec_2.12.jar",
          "hash" : "sha1:7f2c5373fcc96f8622bbbd72171f2f20399103ab"
        }
      ],
      "configurations" : [
        "test"
      ]
    },
    {
      "org" : "org.scalatest",
      "name" : "scalatest-refspec_2.12",
      "version" : "3.2.19",
      "artifacts" : [
        {
          "name" : "scalatest-refspec_2.12.jar",
          "hash" : "sha1:7e175a1ce600be58a5e4319593095d24b7fd6ef0"
        }
      ],
      "configurations" : [
        "test"
      ]
    },
    {
      "org" : "org.scalatest",
      "name" : "scalatest-shouldmatchers_2.12",
      "version" : "3.2.19",
      "artifacts" : [
        {
          "name" : "scalatest-shouldmatchers_2.12.jar",
          "hash" : "sha1:58f47a6e4042b29c41efad05c7b854d38ceece22"
        }
      ],
      "configurations" : [
        "test"
      ]
    },
    {
      "org" : "org.scalatest",
      "name" : "scalatest-wordspec_2.12",
      "version" : "3.2.19",
      "artifacts" : [
        {
          "name" : "scalatest-wordspec_2.12.jar",
          "hash" : "sha1:811995e80bfb55b144c4ec9ff22306cdf1d28ee2"
        }
      ],
      "configurations" : [
        "test"
      ]
    },
    {
      "org" : "org.scalatest",
      "name" : "scalatest_2.12",
      "version" : "3.2.19",
      "artifacts" : [
        {
          "name" : "scalatest_2.12.jar",
          "hash" : "sha1:80000a6b338f8107c67948323704e1cd44747647"
        }
      ],
      "configurations" : [
        "test"
      ]
    },
    {
      "org" : "org.scodec",
      "name" : "scodec-bits_2.12",
      "version" : "1.1.38",
      "artifacts" : [
        {
          "name" : "scodec-bits_2.12.jar",
          "hash" : "sha1:6d253d78dae3642fc225dbea6970edde5b54a927"
        }
      ],
      "configurations" : [
        "compile",
        "runtime",
        "test"
      ]
    },
    {
      "org" : "org.slf4j",
      "name" : "slf4j-api",
      "version" : "2.0.12",
      "artifacts" : [
        {
          "name" : "slf4j-api.jar",
          "hash" : "sha1:48f109a2a6d8f446c794f3e3fa0d86df0cdfa312"
        }
      ],
      "configurations" : [
        "test"
      ]
    },
    {
      "org" : "org.tpolecat",
      "name" : "natchez-core_2.12",
      "version" : "0.3.5",
      "artifacts" : [
        {
          "name" : "natchez-core_2.12.jar",
          "hash" : "sha1:fbb1e4d392e3b0e0bb255cf79e94286f062943ce"
        }
      ],
      "configurations" : [
        "compile",
        "runtime",
        "test"
      ]
    },
    {
      "org" : "org.typelevel",
      "name" : "case-insensitive_2.12",
      "version" : "1.4.0",
      "artifacts" : [
        {
          "name" : "case-insensitive_2.12.jar",
          "hash" : "sha1:cf318fd2cf687883ec48a6c76f497cf3871750a7"
        }
      ],
      "configurations" : [
        "compile",
        "runtime",
        "test"
      ]
    },
    {
      "org" : "org.typelevel",
      "name" : "cats-core_2.12",
      "version" : "2.10.0",
      "artifacts" : [
        {
          "name" : "cats-core_2.12.jar",
          "hash" : "sha1:100bc0d103c5bd9ddcd4e2b5c24e88483e2a77d5"
        }
      ],
      "configurations" : [
        "compile",
        "runtime",
        "test"
      ]
    },
    {
      "org" : "org.typelevel",
      "name" : "cats-effect-kernel-testkit_2.12",
      "version" : "3.5.4",
      "artifacts" : [
        {
          "name" : "cats-effect-kernel-testkit_2.12.jar",
          "hash" : "sha1:a27c65657ac76f4ec98be3df1f77a17ca7f55887"
        }
      ],
      "configurations" : [
        "test"
      ]
    },
    {
      "org" : "org.typelevel",
      "name" : "cats-effect-kernel_2.12",
      "version" : "3.5.4",
      "artifacts" : [
        {
          "name" : "cats-effect-kernel_2.12.jar",
          "hash" : "sha1:be6200abda12debe863d87febd323106eb7f70ed"
        }
      ],
      "configurations" : [
        "compile",
        "runtime",
        "test"
      ]
    },
    {
      "org" : "org.typelevel",
      "name" : "cats-effect-laws_2.12",
      "version" : "3.5.4",
      "artifacts" : [
        {
          "name" : "cats-effect-laws_2.12.jar",
          "hash" : "sha1:f7b1e00d725540bb772657e828e9dbc464af317b"
        }
      ],
      "configurations" : [
        "test"
      ]
    },
    {
      "org" : "org.typelevel",
      "name" : "cats-effect-std_2.12",
      "version" : "3.5.4",
      "artifacts" : [
        {
          "name" : "cats-effect-std_2.12.jar",
          "hash" : "sha1:3857f02de6821dbb74a40c10ef4dd59c72f1d3c4"
        }
      ],
      "configurations" : [
        "compile",
        "runtime",
        "test"
      ]
    },
    {
      "org" : "org.typelevel",
      "name" : "cats-effect-testkit_2.12",
      "version" : "3.5.4",
      "artifacts" : [
        {
          "name" : "cats-effect-testkit_2.12.jar",
          "hash" : "sha1:b2489bb678b46a7c676ac510f331ef8d784e529d"
        }
      ],
      "configurations" : [
        "test"
      ]
    },
    {
      "org" : "org.typelevel",
      "name" : "cats-effect_2.12",
      "version" : "3.5.4",
      "artifacts" : [
        {
          "name" : "cats-effect_2.12.jar",
          "hash" : "sha1:7c62aa340f8e1a6b99e4d142ac5a1e2492777dfb"
        }
      ],
      "configurations" : [
        "compile",
        "runtime",
        "test"
      ]
    },
    {
      "org" : "org.typelevel",
      "name" : "cats-free_2.12",
      "version" : "2.9.0",
      "artifacts" : [
        {
          "name" : "cats-free_2.12.jar",
          "hash" : "sha1:619902d82d1dd0c439b5abb3696fc70a22fff9b9"
        }
      ],
      "configurations" : [
        "test"
      ]
    },
    {
      "org" : "org.typelevel",
      "name" : "cats-kernel-laws_2.12",
      "version" : "2.9.0",
      "artifacts" : [
        {
          "name" : "cats-kernel-laws_2.12.jar",
          "hash" : "sha1:b085e3982bd0d1f45099212202c1487c9627ed0e"
        }
      ],
      "configurations" : [
        "test"
      ]
    },
    {
      "org" : "org.typelevel",
      "name" : "cats-kernel_2.12",
      "version" : "2.10.0",
      "artifacts" : [
        {
          "name" : "cats-kernel_2.12.jar",
          "hash" : "sha1:94b372f873e763186c3cccc9e76492553d01350e"
        }
      ],
      "configurations" : [
        "compile",
        "runtime",
        "test"
      ]
    },
    {
      "org" : "org.typelevel",
      "name" : "cats-laws_2.12",
      "version" : "2.9.0",
      "artifacts" : [
        {
          "name" : "cats-laws_2.12.jar",
          "hash" : "sha1:77ccc7452f5ae1fbeb3566b806dfcc0d36a4b548"
        }
      ],
      "configurations" : [
        "test"
      ]
    },
    {
      "org" : "org.typelevel",
      "name" : "cats-mtl_2.12",
      "version" : "1.3.0",
      "artifacts" : [
        {
          "name" : "cats-mtl_2.12.jar",
          "hash" : "sha1:73adcbae69bc2018675dd7cfaadd40f367447d02"
        }
      ],
      "configurations" : [
        "test"
      ]
    },
    {
      "org" : "org.typelevel",
      "name" : "coop_2.12",
      "version" : "1.2.0",
      "artifacts" : [
        {
          "name" : "coop_2.12.jar",
          "hash" : "sha1:bf9f5684e19c0da9beadcd76b0799f41731fcbd8"
        }
      ],
      "configurations" : [
        "test"
      ]
    },
    {
      "org" : "org.typelevel",
      "name" : "discipline-core_2.12",
      "version" : "1.5.1",
      "artifacts" : [
        {
          "name" : "discipline-core_2.12.jar",
          "hash" : "sha1:f0b437d0cc063ad3942835ad7c1d954d937392b9"
        }
      ],
      "configurations" : [
        "test"
      ]
    },
    {
      "org" : "org.typelevel",
      "name" : "jawn-parser_2.12",
      "version" : "1.6.0",
      "artifacts" : [
        {
          "name" : "jawn-parser_2.12.jar",
          "hash" : "sha1:13a72d2195b322236bf6a77ee76f35abbf3caa3c"
        }
      ],
      "configurations" : [
        "compile",
        "runtime",
        "test"
      ]
    },
    {
      "org" : "org.typelevel",
      "name" : "literally_2.12",
      "version" : "1.1.0",
      "artifacts" : [
        {
          "name" : "literally_2.12.jar",
          "hash" : "sha1:9b69b2635eea7a736f6f0db563b1d6ea4f962c40"
        }
      ],
      "configurations" : [
        "compile",
        "runtime",
        "test"
      ]
    }
  ]
}