{
  "lockVersion" : 1,
  "timestamp" : "2024-07-06T11:39:08.115907Z",
  "configurations" : [
    "compile",
    "optional",
    "protobuf",
    "provided",
    "runtime",
    "scalafix",
    "test"
  ],
  "dependencies" : [
    {
      "org" : "co.fs2",
      "name" : "fs2-core_2.13",
      "version" : "3.6.1",
      "artifacts" : [
        {
          "name" : "fs2-core_2.13.jar",
          "hash" : "sha1:507ac3d526d841c5857c394a841c54a92ca497fc"
        }
      ],
      "configurations" : [
        "compile",
        "runtime",
        "test"
      ]
    },
    {
      "org" : "co.fs2",
      "name" : "fs2-io_2.13",
      "version" : "3.6.1",
      "artifacts" : [
        {
          "name" : "fs2-io_2.13.jar",
          "hash" : "sha1:4eebbfcb60cd66782d3ed07280f8ad7d014cd20b"
        }
      ],
      "configurations" : [
        "compile",
        "runtime",
        "test"
      ]
    },
    {
      "org" : "com.chuusai",
      "name" : "shapeless_2.13",
      "version" : "2.3.12",
      "artifacts" : [
        {
          "name" : "shapeless_2.13.jar",
          "hash" : "sha1:95fad9c171019294e0a0b7de12d5e892f95e764a"
        }
      ],
      "configurations" : [
        "compile",
        "runtime",
        "test"
      ]
    },
    {
      "org" : "com.comcast",
      "name" : "ip4s-core_2.13",
      "version" : "3.2.0",
      "artifacts" : [
        {
          "name" : "ip4s-core_2.13.jar",
          "hash" : "sha1:c3b87f772bd3ad888b3fe0f531ec08c3678bb475"
        }
      ],
      "configurations" : [
        "compile",
        "runtime",
        "test"
      ]
    },
    {
      "org" : "com.google.protobuf",
      "name" : "protobuf-java",
      "version" : "3.25.1",
      "artifacts" : [
        {
          "name" : "protobuf-java.jar",
          "hash" : "sha1:2933a5c3f022456d8842323fe0d7fb2d25a7e3c7"
        }
      ],
      "configurations" : [
        "compile",
        "runtime",
        "test"
      ]
    },
    {
      "org" : "com.softwaremill.sttp.client3",
      "name" : "async-http-client-backend-cats_2.13",
      "version" : "3.5.2",
      "artifacts" : [
        {
          "name" : "async-http-client-backend-cats_2.13.jar",
          "hash" : "sha1:de5a144cbc65590655124a03122e531921ee4b59"
        }
      ],
      "configurations" : [
        "test"
      ]
    },
    {
      "org" : "com.softwaremill.sttp.client3",
      "name" : "async-http-client-backend_2.13",
      "version" : "3.5.2",
      "artifacts" : [
        {
          "name" : "async-http-client-backend_2.13.jar",
          "hash" : "sha1:88cbf4ffda294827e176a407e1f9b27f2ad5beb6"
        }
      ],
      "configurations" : [
        "test"
      ]
    },
    {
      "org" : "com.softwaremill.sttp.client3",
      "name" : "cats_2.13",
      "version" : "3.5.2",
      "artifacts" : [
        {
          "name" : "cats_2.13.jar",
          "hash" : "sha1:d19b881660ae9876681a5f30b43e53ee97847ff4"
        }
      ],
      "configurations" : [
        "test"
      ]
    },
    {
      "org" : "com.softwaremill.sttp.client3",
      "name" : "circe_2.13",
      "version" : "3.5.2",
      "artifacts" : [
        {
          "name" : "circe_2.13.jar",
          "hash" : "sha1:235cd40423f2e97bbcb250234f8991f34d98ad0e"
        }
      ],
      "configurations" : [
        "compile",
        "runtime",
        "test"
      ]
    },
    {
      "org" : "com.softwaremill.sttp.client3",
      "name" : "core_2.13",
      "version" : "3.5.2",
      "artifacts" : [
        {
          "name" : "core_2.13.jar",
          "hash" : "sha1:c40e81feaafdec5f8d1861a9298d9c4dd755d25e"
        }
      ],
      "configurations" : [
        "compile",
        "runtime",
        "test"
      ]
    },
    {
      "org" : "com.softwaremill.sttp.client3",
      "name" : "json-common_2.13",
      "version" : "3.5.2",
      "artifacts" : [
        {
          "name" : "json-common_2.13.jar",
          "hash" : "sha1:c87a1b7b38b576a6b83433de14e199e12281102e"
        }
      ],
      "configurations" : [
        "compile",
        "runtime",
        "test"
      ]
    },
    {
      "org" : "com.softwaremill.sttp.model",
      "name" : "core_2.13",
      "version" : "1.4.25",
      "artifacts" : [
        {
          "name" : "core_2.13.jar",
          "hash" : "sha1:a984e346d7ba5bcd3786cdfd0f06db8379d97163"
        }
      ],
      "configurations" : [
        "compile",
        "runtime",
        "test"
      ]
    },
    {
      "org" : "com.softwaremill.sttp.shared",
      "name" : "core_2.13",
      "version" : "1.3.4",
      "artifacts" : [
        {
          "name" : "core_2.13.jar",
          "hash" : "sha1:b5044b1e624d1db20edfbd75409e903843b9786a"
        }
      ],
      "configurations" : [
        "compile",
        "runtime",
        "test"
      ]
    },
    {
      "org" : "com.softwaremill.sttp.shared",
      "name" : "ws_2.13",
      "version" : "1.3.4",
      "artifacts" : [
        {
          "name" : "ws_2.13.jar",
          "hash" : "sha1:7afdc7333ed514b5fc7822509909669b681cb162"
        }
      ],
      "configurations" : [
        "compile",
        "runtime",
        "test"
      ]
    },
    {
      "org" : "com.sun.activation",
      "name" : "jakarta.activation",
      "version" : "1.2.2",
      "artifacts" : [
        {
          "name" : "jakarta.activation.jar",
          "hash" : "sha1:74548703f9851017ce2f556066659438019e7eb5"
        }
      ],
      "configurations" : [
        "test"
      ]
    },
    {
      "org" : "com.typesafe.netty",
      "name" : "netty-reactive-streams",
      "version" : "2.0.4",
      "artifacts" : [
        {
          "name" : "netty-reactive-streams.jar",
          "hash" : "sha1:0f77c8eaa7d5e2f2160b6d21ba385cf726f164b2"
        }
      ],
      "configurations" : [
        "test"
      ]
    },
    {
      "org" : "commons-io",
      "name" : "commons-io",
      "version" : "2.16.1",
      "artifacts" : [
        {
          "name" : "commons-io.jar",
          "hash" : "sha1:377d592e740dc77124e0901291dbfaa6810a200e"
        }
      ],
      "configurations" : [
        "compile",
        "runtime",
        "test"
      ]
    },
    {
      "org" : "io.circe",
      "name" : "circe-core_2.13",
      "version" : "0.14.9",
      "artifacts" : [
        {
          "name" : "circe-core_2.13.jar",
          "hash" : "sha1:7f569014f391ab5e280b0264a6d78c9d2c014fbd"
        }
      ],
      "configurations" : [
        "compile",
        "runtime",
        "test"
      ]
    },
    {
      "org" : "io.circe",
      "name" : "circe-generic_2.13",
      "version" : "0.14.9",
      "artifacts" : [
        {
          "name" : "circe-generic_2.13.jar",
          "hash" : "sha1:2a4808ad4ca221315704f6c6e5fda70fd475f572"
        }
      ],
      "configurations" : [
        "compile",
        "runtime",
        "test"
      ]
    },
    {
      "org" : "io.circe",
      "name" : "circe-jawn_2.13",
      "version" : "0.14.9",
      "artifacts" : [
        {
          "name" : "circe-jawn_2.13.jar",
          "hash" : "sha1:b7b6320dfdf2e1d029509de8af486008f16f62f4"
        }
      ],
      "configurations" : [
        "compile",
        "runtime",
        "test"
      ]
    },
    {
      "org" : "io.circe",
      "name" : "circe-literal_2.13",
      "version" : "0.14.9",
      "artifacts" : [
        {
          "name" : "circe-literal_2.13.jar",
          "hash" : "sha1:ac16c7b4ef7ea867ca1e7328ae813c6dd8bea0ef"
        }
      ],
      "configurations" : [
        "test"
      ]
    },
    {
      "org" : "io.circe",
      "name" : "circe-numbers_2.13",
      "version" : "0.14.9",
      "artifacts" : [
        {
          "name" : "circe-numbers_2.13.jar",
          "hash" : "sha1:f4e4406d9d2dd7c32ebcc8813d06725114353089"
        }
      ],
      "configurations" : [
        "compile",
        "runtime",
        "test"
      ]
    },
    {
      "org" : "io.circe",
      "name" : "circe-parser_2.13",
      "version" : "0.14.9",
      "artifacts" : [
        {
          "name" : "circe-parser_2.13.jar",
          "hash" : "sha1:95f4e783f9090ed56edc20935aabfd191a2a8282"
        }
      ],
      "configurations" : [
        "compile",
        "runtime",
        "test"
      ]
    },
    {
      "org" : "io.netty",
      "name" : "netty-buffer",
      "version" : "4.1.60.Final",
      "artifacts" : [
        {
          "name" : "netty-buffer.jar",
          "hash" : "sha1:9d213d090deeca2541ad6827eb3345bcd6e1e701"
        }
      ],
      "configurations" : [
        "test"
      ]
    },
    {
      "org" : "io.netty",
      "name" : "netty-codec",
      "version" : "4.1.60.Final",
      "artifacts" : [
        {
          "name" : "netty-codec.jar",
          "hash" : "sha1:b740d51babe3312a33b505cd8b62c02f3731b2e3"
        }
      ],
      "configurations" : [
        "test"
      ]
    },
    {
      "org" : "io.netty",
      "name" : "netty-codec-http",
      "version" : "4.1.60.Final",
      "artifacts" : [
        {
          "name" : "netty-codec-http.jar",
          "hash" : "sha1:354ca712f909fcd9d8a22e16bf84afcfdc44ec8d"
        }
      ],
      "configurations" : [
        "test"
      ]
    },
    {
      "org" : "io.netty",
      "name" : "netty-codec-socks",
      "version" : "4.1.60.Final",
      "artifacts" : [
        {
          "name" : "netty-codec-socks.jar",
          "hash" : "sha1:6f4573281df659265bd709fd10471c3e00ef6c70"
        }
      ],
      "configurations" : [
        "test"
      ]
    },
    {
      "org" : "io.netty",
      "name" : "netty-common",
      "version" : "4.1.60.Final",
      "artifacts" : [
        {
          "name" : "netty-common.jar",
          "hash" : "sha1:44540113f7148f1014be879663501db8da1c37b0"
        }
      ],
      "configurations" : [
        "test"
      ]
    },
    {
      "org" : "io.netty",
      "name" : "netty-handler",
      "version" : "4.1.60.Final",
      "artifacts" : [
        {
          "name" : "netty-handler.jar",
          "hash" : "sha1:14e28bab0173be10c9631a85069636a0d0221dfe"
        }
      ],
      "configurations" : [
        "test"
      ]
    },
    {
      "org" : "io.netty",
      "name" : "netty-handler-proxy",
      "version" : "4.1.60.Final",
      "artifacts" : [
        {
          "name" : "netty-handler-proxy.jar",
          "hash" : "sha1:2352f12826400e5db64b36fd951508ce9a61c196"
        }
      ],
      "configurations" : [
        "test"
      ]
    },
    {
      "org" : "io.netty",
      "name" : "netty-resolver",
      "version" : "4.1.60.Final",
      "artifacts" : [
        {
          "name" : "netty-resolver.jar",
          "hash" : "sha1:caba5004618d27386ee9d5ee8b23b09b6548fb0b"
        }
      ],
      "configurations" : [
        "test"
      ]
    },
    {
      "org" : "io.netty",
      "name" : "netty-transport",
      "version" : "4.1.60.Final",
      "artifacts" : [
        {
          "name" : "netty-transport.jar",
          "hash" : "sha1:94350c81cc7a78212fb0f52a500f22d1aa9c44d8"
        }
      ],
      "configurations" : [
        "test"
      ]
    },
    {
      "org" : "javax.servlet",
      "name" : "javax.servlet-api",
      "version" : "3.1.0",
      "artifacts" : [
        {
          "name" : "javax.servlet-api.jar",
          "hash" : "sha1:3cd63d075497751784b2fa84be59432f4905bf7c"
        }
      ],
      "configurations" : [
        "test"
      ]
    },
    {
      "org" : "org.asynchttpclient",
      "name" : "async-http-client",
      "version" : "2.12.3",
      "artifacts" : [
        {
          "name" : "async-http-client.jar",
          "hash" : "sha1:6dfc91814cc8b3bc3327246d0e5df36911b9a623"
        }
      ],
      "configurations" : [
        "test"
      ]
    },
    {
      "org" : "org.asynchttpclient",
      "name" : "async-http-client-netty-utils",
      "version" : "2.12.3",
      "artifacts" : [
        {
          "name" : "async-http-client-netty-utils.jar",
          "hash" : "sha1:ad99d8622931ed31367d0fef7fa17eb62e033fb3"
        }
      ],
      "configurations" : [
        "test"
      ]
    },
    {
      "org" : "org.eclipse.jetty",
      "name" : "jetty-http",
      "version" : "9.4.53.v20231009",
      "artifacts" : [
        {
          "name" : "jetty-http.jar",
          "hash" : "sha1:87faf21eb322753f0527bcb88c43e67044786369"
        }
      ],
      "configurations" : [
        "test"
      ]
    },
    {
      "org" : "org.eclipse.jetty",
      "name" : "jetty-io",
      "version" : "9.4.53.v20231009",
      "artifacts" : [
        {
          "name" : "jetty-io.jar",
          "hash" : "sha1:70cf7649b27c964ad29bfddf58f3bfe0d30346cf"
        }
      ],
      "configurations" : [
        "test"
      ]
    },
    {
      "org" : "org.eclipse.jetty",
      "name" : "jetty-security",
      "version" : "9.4.53.v20231009",
      "artifacts" : [
        {
          "name" : "jetty-security.jar",
          "hash" : "sha1:6fbc8ebe9046954dc2f51d4ba69c8f8344b05f7f"
        }
      ],
      "configurations" : [
        "test"
      ]
    },
    {
      "org" : "org.eclipse.jetty",
      "name" : "jetty-server",
      "version" : "9.4.53.v20231009",
      "artifacts" : [
        {
          "name" : "jetty-server.jar",
          "hash" : "sha1:8b0e761a0b359db59dae77c00b4213b0586cb994"
        }
      ],
      "configurations" : [
        "test"
      ]
    },
    {
      "org" : "org.eclipse.jetty",
      "name" : "jetty-servlet",
      "version" : "9.4.53.v20231009",
      "artifacts" : [
        {
          "name" : "jetty-servlet.jar",
          "hash" : "sha1:6670d6a54cdcaedd8090e8cf420fd5dd7d08e859"
        }
      ],
      "configurations" : [
        "test"
      ]
    },
    {
      "org" : "org.eclipse.jetty",
      "name" : "jetty-util",
      "version" : "9.4.53.v20231009",
      "artifacts" : [
        {
          "name" : "jetty-util.jar",
          "hash" : "sha1:f72bb4f687b4454052c6f06528ba9910714df947"
        }
      ],
      "configurations" : [
        "test"
      ]
    },
    {
      "org" : "org.eclipse.jetty",
      "name" : "jetty-util-ajax",
      "version" : "9.4.53.v20231009",
      "artifacts" : [
        {
          "name" : "jetty-util-ajax.jar",
          "hash" : "sha1:4d20f6206eb7747293697c5f64c2dc5bf4bd54a4"
        }
      ],
      "configurations" : [
        "test"
      ]
    },
    {
      "org" : "org.reactivestreams",
      "name" : "reactive-streams",
      "version" : "1.0.3",
      "artifacts" : [
        {
          "name" : "reactive-streams.jar",
          "hash" : "sha1:d9fb7a7926ffa635b3dcaa5049fb2bfa25b3e7d0"
        }
      ],
      "configurations" : [
        "test"
      ]
    },
    {
      "org" : "org.scala-lang",
      "name" : "scala-library",
      "version" : "2.13.14",
      "artifacts" : [
        {
          "name" : "scala-library.jar",
          "hash" : "sha1:f8b4afe89abe48ca670f620c7da89b71f93e6546"
        }
      ],
      "configurations" : [
        "compile",
        "runtime",
        "test"
      ]
    },
    {
      "org" : "org.scala-lang",
      "name" : "scala-reflect",
      "version" : "2.13.14",
      "artifacts" : [
        {
          "name" : "scala-reflect.jar",
          "hash" : "sha1:8e275fefb2a01e178db2cdfebb2181062a790b82"
        }
      ],
      "configurations" : [
        "test"
      ]
    },
    {
      "org" : "org.scala-lang.modules",
      "name" : "scala-collection-compat_2.13",
      "version" : "2.9.0",
      "artifacts" : [
        {
          "name" : "scala-collection-compat_2.13.jar",
          "hash" : "sha1:e84549f3c5af4f93dedc3c7088ecaeb4207d4d59"
        }
      ],
      "configurations" : [
        "compile",
        "runtime",
        "test"
      ]
    },
    {
      "org" : "org.scala-lang.modules",
      "name" : "scala-xml_2.13",
      "version" : "2.1.0",
      "artifacts" : [
        {
          "name" : "scala-xml_2.13.jar",
          "hash" : "sha1:f2c107c097692b6c07941e7b96fcf6ec3b58add6"
        }
      ],
      "configurations" : [
        "test"
      ]
    },
    {
      "org" : "org.scala-sbt",
      "name" : "test-interface",
      "version" : "1.0",
      "artifacts" : [
        {
          "name" : "test-interface.jar",
          "hash" : "sha1:0a3f14d010c4cb32071f863d97291df31603b521"
        }
      ],
      "configurations" : [
        "test"
      ]
    },
    {
      "org" : "org.scalacheck",
      "name" : "scalacheck_2.13",
      "version" : "1.17.0",
      "artifacts" : [
        {
          "name" : "scalacheck_2.13.jar",
          "hash" : "sha1:aadc3553bc9e94425a96eea777a0d23f43d2589c"
        }
      ],
      "configurations" : [
        "test"
      ]
    },
    {
      "org" : "org.scalactic",
      "name" : "scalactic_2.13",
      "version" : "3.2.19",
      "artifacts" : [
        {
          "name" : "scalactic_2.13.jar",
          "hash" : "sha1:0afa3b540f0d63342d8be3aa946c4dbfff3bb7cd"
        }
      ],
      "configurations" : [
        "test"
      ]
    },
    {
      "org" : "org.scalatest",
      "name" : "scalatest-compatible",
      "version" : "3.2.19",
      "artifacts" : [
        {
          "name" : "scalatest-compatible.jar",
          "hash" : "sha1:609bc82cc06a1322f60039a81fc003ee81d7064f"
        }
      ],
      "configurations" : [
        "test"
      ]
    },
    {
      "org" : "org.scalatest",
      "name" : "scalatest-core_2.13",
      "version" : "3.2.19",
      "artifacts" : [
        {
          "name" : "scalatest-core_2.13.jar",
          "hash" : "sha1:b39ebf9182d014bd9e0c6391b0677b90acc6dce4"
        }
      ],
      "configurations" : [
        "test"
      ]
    },
    {
      "org" : "org.scalatest",
      "name" : "scalatest-diagrams_2.13",
      "version" : "3.2.19",
      "artifacts" : [
        {
          "name" : "scalatest-diagrams_2.13.jar",
          "hash" : "sha1:627ce69bcab1472c163537d8183506c02340bf71"
        }
      ],
      "configurations" : [
        "test"
      ]
    },
    {
      "org" : "org.scalatest",
      "name" : "scalatest-featurespec_2.13",
      "version" : "3.2.19",
      "artifacts" : [
        {
          "name" : "scalatest-featurespec_2.13.jar",
          "hash" : "sha1:3732488eb1e6c7a1f164c9373f7cb4688161e60e"
        }
      ],
      "configurations" : [
        "test"
      ]
    },
    {
      "org" : "org.scalatest",
      "name" : "scalatest-flatspec_2.13",
      "version" : "3.2.19",
      "artifacts" : [
        {
          "name" : "scalatest-flatspec_2.13.jar",
          "hash" : "sha1:8f5472ac09054656b578c6c57d780b547c88c9f7"
        }
      ],
      "configurations" : [
        "test"
      ]
    },
    {
      "org" : "org.scalatest",
      "name" : "scalatest-freespec_2.13",
      "version" : "3.2.19",
      "artifacts" : [
        {
          "name" : "scalatest-freespec_2.13.jar",
          "hash" : "sha1:a656612babdeeecb83bc45de091344b800a1d011"
        }
      ],
      "configurations" : [
        "test"
      ]
    },
    {
      "org" : "org.scalatest",
      "name" : "scalatest-funspec_2.13",
      "version" : "3.2.19",
      "artifacts" : [
        {
          "name" : "scalatest-funspec_2.13.jar",
          "hash" : "sha1:295dae100ffa67e7d12f99296b07d062dce0baf9"
        }
      ],
      "configurations" : [
        "test"
      ]
    },
    {
      "org" : "org.scalatest",
      "name" : "scalatest-funsuite_2.13",
      "version" : "3.2.19",
      "artifacts" : [
        {
          "name" : "scalatest-funsuite_2.13.jar",
          "hash" : "sha1:b10b4b432147a94747ccbcc2bc31fffd094ba43e"
        }
      ],
      "configurations" : [
        "test"
      ]
    },
    {
      "org" : "org.scalatest",
      "name" : "scalatest-matchers-core_2.13",
      "version" : "3.2.19",
      "artifacts" : [
        {
          "name" : "scalatest-matchers-core_2.13.jar",
          "hash" : "sha1:a1a6243b90957ddc718ab6e390b4a32e9122936e"
        }
      ],
      "configurations" : [
        "test"
      ]
    },
    {
      "org" : "org.scalatest",
      "name" : "scalatest-mustmatchers_2.13",
      "version" : "3.2.19",
      "artifacts" : [
        {
          "name" : "scalatest-mustmatchers_2.13.jar",
          "hash" : "sha1:0b6604e85a24b401e7e3ea6a896bd17f0e52af15"
        }
      ],
      "configurations" : [
        "test"
      ]
    },
    {
      "org" : "org.scalatest",
      "name" : "scalatest-propspec_2.13",
      "version" : "3.2.19",
      "artifacts" : [
        {
          "name" : "scalatest-propspec_2.13.jar",
          "hash" : "sha1:2d38d275d74f547a3388f1ed9e149b2124f0fc66"
        }
      ],
      "configurations" : [
        "test"
      ]
    },
    {
      "org" : "org.scalatest",
      "name" : "scalatest-refspec_2.13",
      "version" : "3.2.19",
      "artifacts" : [
        {
          "name" : "scalatest-refspec_2.13.jar",
          "hash" : "sha1:57eef43635589a398eaef6651ca1181e714a5686"
        }
      ],
      "configurations" : [
        "test"
      ]
    },
    {
      "org" : "org.scalatest",
      "name" : "scalatest-shouldmatchers_2.13",
      "version" : "3.2.19",
      "artifacts" : [
        {
          "name" : "scalatest-shouldmatchers_2.13.jar",
          "hash" : "sha1:acdabf60d810ebede4263e7182893078c5fa1114"
        }
      ],
      "configurations" : [
        "test"
      ]
    },
    {
      "org" : "org.scalatest",
      "name" : "scalatest-wordspec_2.13",
      "version" : "3.2.19",
      "artifacts" : [
        {
          "name" : "scalatest-wordspec_2.13.jar",
          "hash" : "sha1:8408dbc887b65932c42389d4af15ad231078baf6"
        }
      ],
      "configurations" : [
        "test"
      ]
    },
    {
      "org" : "org.scalatest",
      "name" : "scalatest_2.13",
      "version" : "3.2.19",
      "artifacts" : [
        {
          "name" : "scalatest_2.13.jar",
          "hash" : "sha1:7635de1f38369f1c46df062bb475e0d3d60bf152"
        }
      ],
      "configurations" : [
        "test"
      ]
    },
    {
      "org" : "org.scodec",
      "name" : "scodec-bits_2.13",
      "version" : "1.1.35",
      "artifacts" : [
        {
          "name" : "scodec-bits_2.13.jar",
          "hash" : "sha1:d94da766a969d49d5a655299cc638c8701ce35d5"
        }
      ],
      "configurations" : [
        "compile",
        "runtime",
        "test"
      ]
    },
    {
      "org" : "org.slf4j",
      "name" : "slf4j-api",
      "version" : "1.7.30",
      "artifacts" : [
        {
          "name" : "slf4j-api.jar",
          "hash" : "sha1:b5a4b6d16ab13e34a88fae84c35cd5d68cac922c"
        }
      ],
      "configurations" : [
        "test"
      ]
    },
    {
      "org" : "org.tpolecat",
      "name" : "natchez-core_2.13",
      "version" : "0.3.1",
      "artifacts" : [
        {
          "name" : "natchez-core_2.13.jar",
          "hash" : "sha1:82c1f25d6d4d27982766bf7c5d1638ef590c5cc8"
        }
      ],
      "configurations" : [
        "compile",
        "runtime",
        "test"
      ]
    },
    {
      "org" : "org.typelevel",
      "name" : "case-insensitive_2.13",
      "version" : "1.3.0",
      "artifacts" : [
        {
          "name" : "case-insensitive_2.13.jar",
          "hash" : "sha1:7e1cf6149b17fb4abe94e60974dfa641068adbb9"
        }
      ],
      "configurations" : [
        "compile",
        "runtime",
        "test"
      ]
    },
    {
      "org" : "org.typelevel",
      "name" : "cats-core_2.13",
      "version" : "2.9.0",
      "artifacts" : [
        {
          "name" : "cats-core_2.13.jar",
          "hash" : "sha1:e829364b8a5cf0d79c9ea0827dc082a49d01bc3d"
        }
      ],
      "configurations" : [
        "compile",
        "runtime",
        "test"
      ]
    },
    {
      "org" : "org.typelevel",
      "name" : "cats-effect-kernel-testkit_2.13",
      "version" : "3.5.4",
      "artifacts" : [
        {
          "name" : "cats-effect-kernel-testkit_2.13.jar",
          "hash" : "sha1:3aa291a02d30cc2869be0b4bfb937cd66b1ee67a"
        }
      ],
      "configurations" : [
        "test"
      ]
    },
    {
      "org" : "org.typelevel",
      "name" : "cats-effect-kernel_2.13",
      "version" : "3.5.4",
      "artifacts" : [
        {
          "name" : "cats-effect-kernel_2.13.jar",
          "hash" : "sha1:cfd821201afcc8a83b0b237343c3795e2a7dbee1"
        }
      ],
      "configurations" : [
        "compile",
        "runtime",
        "test"
      ]
    },
    {
      "org" : "org.typelevel",
      "name" : "cats-effect-laws_2.13",
      "version" : "3.5.4",
      "artifacts" : [
        {
          "name" : "cats-effect-laws_2.13.jar",
          "hash" : "sha1:2f379cd7090133240ca16c72198185955f3dba58"
        }
      ],
      "configurations" : [
        "test"
      ]
    },
    {
      "org" : "org.typelevel",
      "name" : "cats-effect-std_2.13",
      "version" : "3.5.4",
      "artifacts" : [
        {
          "name" : "cats-effect-std_2.13.jar",
          "hash" : "sha1:58aa4a2a828fede06563bca57cdd7080c9a38b67"
        }
      ],
      "configurations" : [
        "compile",
        "runtime",
        "test"
      ]
    },
    {
      "org" : "org.typelevel",
      "name" : "cats-effect-testkit_2.13",
      "version" : "3.5.4",
      "artifacts" : [
        {
          "name" : "cats-effect-testkit_2.13.jar",
          "hash" : "sha1:0538ef507bed6b81aa0d3d92b3a2155e22b3edb9"
        }
      ],
      "configurations" : [
        "test"
      ]
    },
    {
      "org" : "org.typelevel",
      "name" : "cats-effect_2.13",
      "version" : "3.5.4",
      "artifacts" : [
        {
          "name" : "cats-effect_2.13.jar",
          "hash" : "sha1:ce3ec54d321847c54501caec7348592e234dec1f"
        }
      ],
      "configurations" : [
        "compile",
        "runtime",
        "test"
      ]
    },
    {
      "org" : "org.typelevel",
      "name" : "cats-free_2.13",
      "version" : "2.9.0",
      "artifacts" : [
        {
          "name" : "cats-free_2.13.jar",
          "hash" : "sha1:155c917bf9aea2a8cd80b920061e7325ad4b95c7"
        }
      ],
      "configurations" : [
        "test"
      ]
    },
    {
      "org" : "org.typelevel",
      "name" : "cats-kernel-laws_2.13",
      "version" : "2.9.0",
      "artifacts" : [
        {
          "name" : "cats-kernel-laws_2.13.jar",
          "hash" : "sha1:6674255fdf83ce41bc33473d40592b4d882a9c9c"
        }
      ],
      "configurations" : [
        "test"
      ]
    },
    {
      "org" : "org.typelevel",
      "name" : "cats-kernel_2.13",
      "version" : "2.9.0",
      "artifacts" : [
        {
          "name" : "cats-kernel_2.13.jar",
          "hash" : "sha1:60d9c13a233d7dbff25cc1f07e4fa29c00bbd333"
        }
      ],
      "configurations" : [
        "compile",
        "runtime",
        "test"
      ]
    },
    {
      "org" : "org.typelevel",
      "name" : "cats-laws_2.13",
      "version" : "2.9.0",
      "artifacts" : [
        {
          "name" : "cats-laws_2.13.jar",
          "hash" : "sha1:b98a073e82f1ab5c35a91df5bc966f0488eb8b11"
        }
      ],
      "configurations" : [
        "test"
      ]
    },
    {
      "org" : "org.typelevel",
      "name" : "cats-mtl_2.13",
      "version" : "1.3.0",
      "artifacts" : [
        {
          "name" : "cats-mtl_2.13.jar",
          "hash" : "sha1:4f33a5952fd36e1fb6a2cbce43e3cce4459aba5d"
        }
      ],
      "configurations" : [
        "test"
      ]
    },
    {
      "org" : "org.typelevel",
      "name" : "coop_2.13",
      "version" : "1.2.0",
      "artifacts" : [
        {
          "name" : "coop_2.13.jar",
          "hash" : "sha1:322e25688230e9e12527ce251b7706d3271100ff"
        }
      ],
      "configurations" : [
        "test"
      ]
    },
    {
      "org" : "org.typelevel",
      "name" : "discipline-core_2.13",
      "version" : "1.5.1",
      "artifacts" : [
        {
          "name" : "discipline-core_2.13.jar",
          "hash" : "sha1:d197ab0917294eded2dbbd2b2b96bbc8120076ca"
        }
      ],
      "configurations" : [
        "test"
      ]
    },
    {
      "org" : "org.typelevel",
      "name" : "jawn-parser_2.13",
      "version" : "1.6.0",
      "artifacts" : [
        {
          "name" : "jawn-parser_2.13.jar",
          "hash" : "sha1:b47cfc6b652fec2fd295c8608e7a9a84633c724f"
        }
      ],
      "configurations" : [
        "compile",
        "runtime",
        "test"
      ]
    },
    {
      "org" : "org.typelevel",
      "name" : "literally_2.13",
      "version" : "1.1.0",
      "artifacts" : [
        {
          "name" : "literally_2.13.jar",
          "hash" : "sha1:cf9eb9bf5b0f9f970f5af286459573e8ebc86938"
        }
      ],
      "configurations" : [
        "compile",
        "runtime",
        "test"
      ]
    }
  ]
}