{
  "lockVersion" : 1,
  "timestamp" : "2024-07-04T12:38:06.512638Z",
  "configurations" : [
    "compile",
    "optional",
    "protobuf",
    "provided",
    "runtime",
    "scalafix",
    "test"
  ],
  "dependencies" : [
    {
      "org" : "co.fs2",
      "name" : "fs2-core_2.13",
      "version" : "3.6.1",
      "artifacts" : [
        {
          "name" : "fs2-core_2.13.jar",
          "hash" : "sha1:507ac3d526d841c5857c394a841c54a92ca497fc"
        }
      ],
      "configurations" : [
        "compile",
        "runtime",
        "test"
      ]
    },
    {
      "org" : "co.fs2",
      "name" : "fs2-io_2.13",
      "version" : "3.6.1",
      "artifacts" : [
        {
          "name" : "fs2-io_2.13.jar",
          "hash" : "sha1:4eebbfcb60cd66782d3ed07280f8ad7d014cd20b"
        }
      ],
      "configurations" : [
        "compile",
        "runtime",
        "test"
      ]
    },
    {
      "org" : "com.chuusai",
      "name" : "shapeless_2.13",
      "version" : "2.3.11",
      "artifacts" : [
        {
          "name" : "shapeless_2.13.jar",
          "hash" : "sha1:61ace0241b473e91614259b2bfc774d31b44b74c"
        }
      ],
      "configurations" : [
        "compile",
        "runtime",
        "test"
      ]
    },
    {
      "org" : "com.comcast",
      "name" : "ip4s-core_2.13",
      "version" : "3.2.0",
      "artifacts" : [
        {
          "name" : "ip4s-core_2.13.jar",
          "hash" : "sha1:c3b87f772bd3ad888b3fe0f531ec08c3678bb475"
        }
      ],
      "configurations" : [
        "compile",
        "runtime",
        "test"
      ]
    },
    {
      "org" : "com.google.protobuf",
      "name" : "protobuf-java",
      "version" : "3.25.1",
      "artifacts" : [
        {
          "name" : "protobuf-java.jar",
          "hash" : "sha1:2933a5c3f022456d8842323fe0d7fb2d25a7e3c7"
        }
      ],
      "configurations" : [
        "compile",
        "runtime",
        "test"
      ]
    },
    {
      "org" : "com.softwaremill.sttp.client3",
      "name" : "async-http-client-backend-cats_2.13",
      "version" : "3.9.7",
      "artifacts" : [
        {
          "name" : "async-http-client-backend-cats_2.13.jar",
          "hash" : "sha1:6d66dfebbbff17bf0be1962e7ecedb506cc76149"
        }
      ],
      "configurations" : [
        "test"
      ]
    },
    {
      "org" : "com.softwaremill.sttp.client3",
      "name" : "async-http-client-backend_2.13",
      "version" : "3.9.7",
      "artifacts" : [
        {
          "name" : "async-http-client-backend_2.13.jar",
          "hash" : "sha1:d96e2492e09cea8aa8b3858041dcbc5145fc2b27"
        }
      ],
      "configurations" : [
        "test"
      ]
    },
    {
      "org" : "com.softwaremill.sttp.client3",
      "name" : "cats_2.13",
      "version" : "3.9.7",
      "artifacts" : [
        {
          "name" : "cats_2.13.jar",
          "hash" : "sha1:6f3f9941c9813c6a3c41fb65f843ea90c982efc7"
        }
      ],
      "configurations" : [
        "test"
      ]
    },
    {
      "org" : "com.softwaremill.sttp.client3",
      "name" : "circe_2.13",
      "version" : "3.9.7",
      "artifacts" : [
        {
          "name" : "circe_2.13.jar",
          "hash" : "sha1:475e8f6900bfd7f257cd2c7af67fe86ce9b7b42b"
        }
      ],
      "configurations" : [
        "compile",
        "runtime",
        "test"
      ]
    },
    {
      "org" : "com.softwaremill.sttp.client3",
      "name" : "core_2.13",
      "version" : "3.9.7",
      "artifacts" : [
        {
          "name" : "core_2.13.jar",
          "hash" : "sha1:ae06eb03832cdbee75213169c6df242481fe101f"
        }
      ],
      "configurations" : [
        "compile",
        "runtime",
        "test"
      ]
    },
    {
      "org" : "com.softwaremill.sttp.client3",
      "name" : "json-common_2.13",
      "version" : "3.9.7",
      "artifacts" : [
        {
          "name" : "json-common_2.13.jar",
          "hash" : "sha1:79952842fe8311ada39c836745ccee965629148c"
        }
      ],
      "configurations" : [
        "compile",
        "runtime",
        "test"
      ]
    },
    {
      "org" : "com.softwaremill.sttp.model",
      "name" : "core_2.13",
      "version" : "1.7.9",
      "artifacts" : [
        {
          "name" : "core_2.13.jar",
          "hash" : "sha1:d234072644d16593d3a5df96768ab172bff86d31"
        }
      ],
      "configurations" : [
        "compile",
        "runtime",
        "test"
      ]
    },
    {
      "org" : "com.softwaremill.sttp.shared",
      "name" : "core_2.13",
      "version" : "1.3.16",
      "artifacts" : [
        {
          "name" : "core_2.13.jar",
          "hash" : "sha1:0c5ab0cfe6bb33d873fecc4a2cf4745b7d3e1fda"
        }
      ],
      "configurations" : [
        "compile",
        "runtime",
        "test"
      ]
    },
    {
      "org" : "com.softwaremill.sttp.shared",
      "name" : "ws_2.13",
      "version" : "1.3.16",
      "artifacts" : [
        {
          "name" : "ws_2.13.jar",
          "hash" : "sha1:b0017add9fd6a2d7b5c6e31771a425336ac4b90d"
        }
      ],
      "configurations" : [
        "compile",
        "runtime",
        "test"
      ]
    },
    {
      "org" : "com.sun.activation",
      "name" : "jakarta.activation",
      "version" : "1.2.2",
      "artifacts" : [
        {
          "name" : "jakarta.activation.jar",
          "hash" : "sha1:74548703f9851017ce2f556066659438019e7eb5"
        }
      ],
      "configurations" : [
        "test"
      ]
    },
    {
      "org" : "com.typesafe.netty",
      "name" : "netty-reactive-streams",
      "version" : "2.0.4",
      "artifacts" : [
        {
          "name" : "netty-reactive-streams.jar",
          "hash" : "sha1:0f77c8eaa7d5e2f2160b6d21ba385cf726f164b2"
        }
      ],
      "configurations" : [
        "test"
      ]
    },
    {
      "org" : "commons-io",
      "name" : "commons-io",
      "version" : "2.15.0",
      "artifacts" : [
        {
          "name" : "commons-io.jar",
          "hash" : "sha1:5c3c2db10f6f797430a7f9c696b4d1273768c924"
        }
      ],
      "configurations" : [
        "compile",
        "runtime",
        "test"
      ]
    },
    {
      "org" : "io.circe",
      "name" : "circe-core_2.13",
      "version" : "0.14.8",
      "artifacts" : [
        {
          "name" : "circe-core_2.13.jar",
          "hash" : "sha1:ba09b00a350c8c3c16a8528bac6249e4fbca2411"
        }
      ],
      "configurations" : [
        "compile",
        "runtime",
        "test"
      ]
    },
    {
      "org" : "io.circe",
      "name" : "circe-generic_2.13",
      "version" : "0.14.8",
      "artifacts" : [
        {
          "name" : "circe-generic_2.13.jar",
          "hash" : "sha1:56b77cc6788db246ce84a42ea371f263aeb70ed9"
        }
      ],
      "configurations" : [
        "compile",
        "runtime",
        "test"
      ]
    },
    {
      "org" : "io.circe",
      "name" : "circe-jawn_2.13",
      "version" : "0.14.8",
      "artifacts" : [
        {
          "name" : "circe-jawn_2.13.jar",
          "hash" : "sha1:7c050feb7f6bcd4ff261b64aa214b144d9de896b"
        }
      ],
      "configurations" : [
        "compile",
        "runtime",
        "test"
      ]
    },
    {
      "org" : "io.circe",
      "name" : "circe-literal_2.13",
      "version" : "0.14.8",
      "artifacts" : [
        {
          "name" : "circe-literal_2.13.jar",
          "hash" : "sha1:36ceb93372e235947a44ee31a782ea6af4a0e8a6"
        }
      ],
      "configurations" : [
        "test"
      ]
    },
    {
      "org" : "io.circe",
      "name" : "circe-numbers_2.13",
      "version" : "0.14.8",
      "artifacts" : [
        {
          "name" : "circe-numbers_2.13.jar",
          "hash" : "sha1:515bf38ca47d3840081a2d380a33cf4652693506"
        }
      ],
      "configurations" : [
        "compile",
        "runtime",
        "test"
      ]
    },
    {
      "org" : "io.circe",
      "name" : "circe-parser_2.13",
      "version" : "0.14.8",
      "artifacts" : [
        {
          "name" : "circe-parser_2.13.jar",
          "hash" : "sha1:c289e195818a0a8c404ae97c48887a9aab4418a1"
        }
      ],
      "configurations" : [
        "compile",
        "runtime",
        "test"
      ]
    },
    {
      "org" : "io.netty",
      "name" : "netty-buffer",
      "version" : "4.1.60.Final",
      "artifacts" : [
        {
          "name" : "netty-buffer.jar",
          "hash" : "sha1:9d213d090deeca2541ad6827eb3345bcd6e1e701"
        }
      ],
      "configurations" : [
        "test"
      ]
    },
    {
      "org" : "io.netty",
      "name" : "netty-codec",
      "version" : "4.1.60.Final",
      "artifacts" : [
        {
          "name" : "netty-codec.jar",
          "hash" : "sha1:b740d51babe3312a33b505cd8b62c02f3731b2e3"
        }
      ],
      "configurations" : [
        "test"
      ]
    },
    {
      "org" : "io.netty",
      "name" : "netty-codec-http",
      "version" : "4.1.60.Final",
      "artifacts" : [
        {
          "name" : "netty-codec-http.jar",
          "hash" : "sha1:354ca712f909fcd9d8a22e16bf84afcfdc44ec8d"
        }
      ],
      "configurations" : [
        "test"
      ]
    },
    {
      "org" : "io.netty",
      "name" : "netty-codec-socks",
      "version" : "4.1.60.Final",
      "artifacts" : [
        {
          "name" : "netty-codec-socks.jar",
          "hash" : "sha1:6f4573281df659265bd709fd10471c3e00ef6c70"
        }
      ],
      "configurations" : [
        "test"
      ]
    },
    {
      "org" : "io.netty",
      "name" : "netty-common",
      "version" : "4.1.60.Final",
      "artifacts" : [
        {
          "name" : "netty-common.jar",
          "hash" : "sha1:44540113f7148f1014be879663501db8da1c37b0"
        }
      ],
      "configurations" : [
        "test"
      ]
    },
    {
      "org" : "io.netty",
      "name" : "netty-handler",
      "version" : "4.1.60.Final",
      "artifacts" : [
        {
          "name" : "netty-handler.jar",
          "hash" : "sha1:14e28bab0173be10c9631a85069636a0d0221dfe"
        }
      ],
      "configurations" : [
        "test"
      ]
    },
    {
      "org" : "io.netty",
      "name" : "netty-handler-proxy",
      "version" : "4.1.60.Final",
      "artifacts" : [
        {
          "name" : "netty-handler-proxy.jar",
          "hash" : "sha1:2352f12826400e5db64b36fd951508ce9a61c196"
        }
      ],
      "configurations" : [
        "test"
      ]
    },
    {
      "org" : "io.netty",
      "name" : "netty-resolver",
      "version" : "4.1.60.Final",
      "artifacts" : [
        {
          "name" : "netty-resolver.jar",
          "hash" : "sha1:caba5004618d27386ee9d5ee8b23b09b6548fb0b"
        }
      ],
      "configurations" : [
        "test"
      ]
    },
    {
      "org" : "io.netty",
      "name" : "netty-transport",
      "version" : "4.1.60.Final",
      "artifacts" : [
        {
          "name" : "netty-transport.jar",
          "hash" : "sha1:94350c81cc7a78212fb0f52a500f22d1aa9c44d8"
        }
      ],
      "configurations" : [
        "test"
      ]
    },
    {
      "org" : "javax.servlet",
      "name" : "javax.servlet-api",
      "version" : "3.1.0",
      "artifacts" : [
        {
          "name" : "javax.servlet-api.jar",
          "hash" : "sha1:3cd63d075497751784b2fa84be59432f4905bf7c"
        }
      ],
      "configurations" : [
        "test"
      ]
    },
    {
      "org" : "org.asynchttpclient",
      "name" : "async-http-client",
      "version" : "2.12.3",
      "artifacts" : [
        {
          "name" : "async-http-client.jar",
          "hash" : "sha1:6dfc91814cc8b3bc3327246d0e5df36911b9a623"
        }
      ],
      "configurations" : [
        "test"
      ]
    },
    {
      "org" : "org.asynchttpclient",
      "name" : "async-http-client-netty-utils",
      "version" : "2.12.3",
      "artifacts" : [
        {
          "name" : "async-http-client-netty-utils.jar",
          "hash" : "sha1:ad99d8622931ed31367d0fef7fa17eb62e033fb3"
        }
      ],
      "configurations" : [
        "test"
      ]
    },
    {
      "org" : "org.eclipse.jetty",
      "name" : "jetty-http",
      "version" : "9.4.53.v20231009",
      "artifacts" : [
        {
          "name" : "jetty-http.jar",
          "hash" : "sha1:87faf21eb322753f0527bcb88c43e67044786369"
        }
      ],
      "configurations" : [
        "test"
      ]
    },
    {
      "org" : "org.eclipse.jetty",
      "name" : "jetty-io",
      "version" : "9.4.53.v20231009",
      "artifacts" : [
        {
          "name" : "jetty-io.jar",
          "hash" : "sha1:70cf7649b27c964ad29bfddf58f3bfe0d30346cf"
        }
      ],
      "configurations" : [
        "test"
      ]
    },
    {
      "org" : "org.eclipse.jetty",
      "name" : "jetty-security",
      "version" : "9.4.53.v20231009",
      "artifacts" : [
        {
          "name" : "jetty-security.jar",
          "hash" : "sha1:6fbc8ebe9046954dc2f51d4ba69c8f8344b05f7f"
        }
      ],
      "configurations" : [
        "test"
      ]
    },
    {
      "org" : "org.eclipse.jetty",
      "name" : "jetty-server",
      "version" : "9.4.53.v20231009",
      "artifacts" : [
        {
          "name" : "jetty-server.jar",
          "hash" : "sha1:8b0e761a0b359db59dae77c00b4213b0586cb994"
        }
      ],
      "configurations" : [
        "test"
      ]
    },
    {
      "org" : "org.eclipse.jetty",
      "name" : "jetty-servlet",
      "version" : "9.4.53.v20231009",
      "artifacts" : [
        {
          "name" : "jetty-servlet.jar",
          "hash" : "sha1:6670d6a54cdcaedd8090e8cf420fd5dd7d08e859"
        }
      ],
      "configurations" : [
        "test"
      ]
    },
    {
      "org" : "org.eclipse.jetty",
      "name" : "jetty-util",
      "version" : "9.4.53.v20231009",
      "artifacts" : [
        {
          "name" : "jetty-util.jar",
          "hash" : "sha1:f72bb4f687b4454052c6f06528ba9910714df947"
        }
      ],
      "configurations" : [
        "test"
      ]
    },
    {
      "org" : "org.eclipse.jetty",
      "name" : "jetty-util-ajax",
      "version" : "9.4.53.v20231009",
      "artifacts" : [
        {
          "name" : "jetty-util-ajax.jar",
          "hash" : "sha1:4d20f6206eb7747293697c5f64c2dc5bf4bd54a4"
        }
      ],
      "configurations" : [
        "test"
      ]
    },
    {
      "org" : "org.reactivestreams",
      "name" : "reactive-streams",
      "version" : "1.0.3",
      "artifacts" : [
        {
          "name" : "reactive-streams.jar",
          "hash" : "sha1:d9fb7a7926ffa635b3dcaa5049fb2bfa25b3e7d0"
        }
      ],
      "configurations" : [
        "test"
      ]
    },
    {
      "org" : "org.scala-lang",
      "name" : "scala-library",
      "version" : "2.13.14",
      "artifacts" : [
        {
          "name" : "scala-library.jar",
          "hash" : "sha1:f8b4afe89abe48ca670f620c7da89b71f93e6546"
        }
      ],
      "configurations" : [
        "compile",
        "runtime",
        "test"
      ]
    },
    {
      "org" : "org.scala-lang",
      "name" : "scala-reflect",
      "version" : "2.13.14",
      "artifacts" : [
        {
          "name" : "scala-reflect.jar",
          "hash" : "sha1:8e275fefb2a01e178db2cdfebb2181062a790b82"
        }
      ],
      "configurations" : [
        "test"
      ]
    },
    {
      "org" : "org.scala-lang.modules",
      "name" : "scala-collection-compat_2.13",
      "version" : "2.9.0",
      "artifacts" : [
        {
          "name" : "scala-collection-compat_2.13.jar",
          "hash" : "sha1:e84549f3c5af4f93dedc3c7088ecaeb4207d4d59"
        }
      ],
      "configurations" : [
        "compile",
        "runtime",
        "test"
      ]
    },
    {
      "org" : "org.scala-lang.modules",
      "name" : "scala-xml_2.13",
      "version" : "2.1.0",
      "artifacts" : [
        {
          "name" : "scala-xml_2.13.jar",
          "hash" : "sha1:f2c107c097692b6c07941e7b96fcf6ec3b58add6"
        }
      ],
      "configurations" : [
        "test"
      ]
    },
    {
      "org" : "org.scala-sbt",
      "name" : "test-interface",
      "version" : "1.0",
      "artifacts" : [
        {
          "name" : "test-interface.jar",
          "hash" : "sha1:0a3f14d010c4cb32071f863d97291df31603b521"
        }
      ],
      "configurations" : [
        "test"
      ]
    },
    {
      "org" : "org.scalacheck",
      "name" : "scalacheck_2.13",
      "version" : "1.15.4",
      "artifacts" : [
        {
          "name" : "scalacheck_2.13.jar",
          "hash" : "sha1:bc551258023295a7c283170305a921362c634b7e"
        }
      ],
      "configurations" : [
        "test"
      ]
    },
    {
      "org" : "org.scalactic",
      "name" : "scalactic_2.13",
      "version" : "3.2.17",
      "artifacts" : [
        {
          "name" : "scalactic_2.13.jar",
          "hash" : "sha1:e3bbe2719524882700939dd24ee2dc6de1685821"
        }
      ],
      "configurations" : [
        "test"
      ]
    },
    {
      "org" : "org.scalatest",
      "name" : "scalatest-compatible",
      "version" : "3.2.17",
      "artifacts" : [
        {
          "name" : "scalatest-compatible.jar",
          "hash" : "sha1:ff884c350e9e4389ff37653d83083405025f5f57"
        }
      ],
      "configurations" : [
        "test"
      ]
    },
    {
      "org" : "org.scalatest",
      "name" : "scalatest-core_2.13",
      "version" : "3.2.17",
      "artifacts" : [
        {
          "name" : "scalatest-core_2.13.jar",
          "hash" : "sha1:116ca7c3a1a6a37b9d980a09504b8b22872aaba7"
        }
      ],
      "configurations" : [
        "test"
      ]
    },
    {
      "org" : "org.scalatest",
      "name" : "scalatest-diagrams_2.13",
      "version" : "3.2.17",
      "artifacts" : [
        {
          "name" : "scalatest-diagrams_2.13.jar",
          "hash" : "sha1:b68eb36fd2529b25b45aa99d03319702e3ac427d"
        }
      ],
      "configurations" : [
        "test"
      ]
    },
    {
      "org" : "org.scalatest",
      "name" : "scalatest-featurespec_2.13",
      "version" : "3.2.17",
      "artifacts" : [
        {
          "name" : "scalatest-featurespec_2.13.jar",
          "hash" : "sha1:f701703d8a1eecc476197288b81d6da37e937075"
        }
      ],
      "configurations" : [
        "test"
      ]
    },
    {
      "org" : "org.scalatest",
      "name" : "scalatest-flatspec_2.13",
      "version" : "3.2.17",
      "artifacts" : [
        {
          "name" : "scalatest-flatspec_2.13.jar",
          "hash" : "sha1:3805e4b91cfa886fd090efcc97dae7e7f7586de2"
        }
      ],
      "configurations" : [
        "test"
      ]
    },
    {
      "org" : "org.scalatest",
      "name" : "scalatest-freespec_2.13",
      "version" : "3.2.17",
      "artifacts" : [
        {
          "name" : "scalatest-freespec_2.13.jar",
          "hash" : "sha1:21780262cf6b96ffe550778754e25a6e56d57364"
        }
      ],
      "configurations" : [
        "test"
      ]
    },
    {
      "org" : "org.scalatest",
      "name" : "scalatest-funspec_2.13",
      "version" : "3.2.17",
      "artifacts" : [
        {
          "name" : "scalatest-funspec_2.13.jar",
          "hash" : "sha1:a879c8b0ede86145f069fe6e52cf24e29d349c3e"
        }
      ],
      "configurations" : [
        "test"
      ]
    },
    {
      "org" : "org.scalatest",
      "name" : "scalatest-funsuite_2.13",
      "version" : "3.2.17",
      "artifacts" : [
        {
          "name" : "scalatest-funsuite_2.13.jar",
          "hash" : "sha1:0c36faacf2cf3d03fb19637ee1e10fb856324caf"
        }
      ],
      "configurations" : [
        "test"
      ]
    },
    {
      "org" : "org.scalatest",
      "name" : "scalatest-matchers-core_2.13",
      "version" : "3.2.17",
      "artifacts" : [
        {
          "name" : "scalatest-matchers-core_2.13.jar",
          "hash" : "sha1:9981a5a24c893fe6314c28bcfef602d0a03d2f1c"
        }
      ],
      "configurations" : [
        "test"
      ]
    },
    {
      "org" : "org.scalatest",
      "name" : "scalatest-mustmatchers_2.13",
      "version" : "3.2.17",
      "artifacts" : [
        {
          "name" : "scalatest-mustmatchers_2.13.jar",
          "hash" : "sha1:02b7170f948936ce06b78e557ab93616649e6caf"
        }
      ],
      "configurations" : [
        "test"
      ]
    },
    {
      "org" : "org.scalatest",
      "name" : "scalatest-propspec_2.13",
      "version" : "3.2.17",
      "artifacts" : [
        {
          "name" : "scalatest-propspec_2.13.jar",
          "hash" : "sha1:5e378191532c3d145afe56b31cf89d14fdb9d747"
        }
      ],
      "configurations" : [
        "test"
      ]
    },
    {
      "org" : "org.scalatest",
      "name" : "scalatest-refspec_2.13",
      "version" : "3.2.17",
      "artifacts" : [
        {
          "name" : "scalatest-refspec_2.13.jar",
          "hash" : "sha1:3282eb286cc22bd1ab00cc942334b7737a8ae5e6"
        }
      ],
      "configurations" : [
        "test"
      ]
    },
    {
      "org" : "org.scalatest",
      "name" : "scalatest-shouldmatchers_2.13",
      "version" : "3.2.17",
      "artifacts" : [
        {
          "name" : "scalatest-shouldmatchers_2.13.jar",
          "hash" : "sha1:61c428d9c282673a225ca7e1d514a267d3065964"
        }
      ],
      "configurations" : [
        "test"
      ]
    },
    {
      "org" : "org.scalatest",
      "name" : "scalatest-wordspec_2.13",
      "version" : "3.2.17",
      "artifacts" : [
        {
          "name" : "scalatest-wordspec_2.13.jar",
          "hash" : "sha1:5dc95d654d047f7ca6ae9ef723c017e951494df9"
        }
      ],
      "configurations" : [
        "test"
      ]
    },
    {
      "org" : "org.scalatest",
      "name" : "scalatest_2.13",
      "version" : "3.2.17",
      "artifacts" : [
        {
          "name" : "scalatest_2.13.jar",
          "hash" : "sha1:4791a3aaeaa6103c345d3a334dc6ecdf05308c81"
        }
      ],
      "configurations" : [
        "test"
      ]
    },
    {
      "org" : "org.scodec",
      "name" : "scodec-bits_2.13",
      "version" : "1.1.35",
      "artifacts" : [
        {
          "name" : "scodec-bits_2.13.jar",
          "hash" : "sha1:d94da766a969d49d5a655299cc638c8701ce35d5"
        }
      ],
      "configurations" : [
        "compile",
        "runtime",
        "test"
      ]
    },
    {
      "org" : "org.slf4j",
      "name" : "slf4j-api",
      "version" : "1.7.30",
      "artifacts" : [
        {
          "name" : "slf4j-api.jar",
          "hash" : "sha1:b5a4b6d16ab13e34a88fae84c35cd5d68cac922c"
        }
      ],
      "configurations" : [
        "test"
      ]
    },
    {
      "org" : "org.tpolecat",
      "name" : "natchez-core_2.13",
      "version" : "0.3.1",
      "artifacts" : [
        {
          "name" : "natchez-core_2.13.jar",
          "hash" : "sha1:82c1f25d6d4d27982766bf7c5d1638ef590c5cc8"
        }
      ],
      "configurations" : [
        "compile",
        "runtime",
        "test"
      ]
    },
    {
      "org" : "org.typelevel",
      "name" : "case-insensitive_2.13",
      "version" : "1.3.0",
      "artifacts" : [
        {
          "name" : "case-insensitive_2.13.jar",
          "hash" : "sha1:7e1cf6149b17fb4abe94e60974dfa641068adbb9"
        }
      ],
      "configurations" : [
        "compile",
        "runtime",
        "test"
      ]
    },
    {
      "org" : "org.typelevel",
      "name" : "cats-core_2.13",
      "version" : "2.9.0",
      "artifacts" : [
        {
          "name" : "cats-core_2.13.jar",
          "hash" : "sha1:e829364b8a5cf0d79c9ea0827dc082a49d01bc3d"
        }
      ],
      "configurations" : [
        "compile",
        "runtime",
        "test"
      ]
    },
    {
      "org" : "org.typelevel",
      "name" : "cats-effect-kernel-testkit_2.13",
      "version" : "3.3.14",
      "artifacts" : [
        {
          "name" : "cats-effect-kernel-testkit_2.13.jar",
          "hash" : "sha1:95e32c0ef311028f35654a8a59777dc80d82e080"
        }
      ],
      "configurations" : [
        "test"
      ]
    },
    {
      "org" : "org.typelevel",
      "name" : "cats-effect-kernel_2.13",
      "version" : "3.4.6",
      "artifacts" : [
        {
          "name" : "cats-effect-kernel_2.13.jar",
          "hash" : "sha1:2dada5527aa04e48dc6d1702506f2da75f837725"
        }
      ],
      "configurations" : [
        "compile",
        "runtime"
      ]
    },
    {
      "org" : "org.typelevel",
      "name" : "cats-effect-kernel_2.13",
      "version" : "3.5.1",
      "artifacts" : [
        {
          "name" : "cats-effect-kernel_2.13.jar",
          "hash" : "sha1:df49469409878d533eb1cfc1b9dc4dc3e7b0297c"
        }
      ],
      "configurations" : [
        "test"
      ]
    },
    {
      "org" : "org.typelevel",
      "name" : "cats-effect-laws_2.13",
      "version" : "3.3.14",
      "artifacts" : [
        {
          "name" : "cats-effect-laws_2.13.jar",
          "hash" : "sha1:202181411f219ac8b4eaafba55899c3a4c1c492b"
        }
      ],
      "configurations" : [
        "test"
      ]
    },
    {
      "org" : "org.typelevel",
      "name" : "cats-effect-std_2.13",
      "version" : "3.4.6",
      "artifacts" : [
        {
          "name" : "cats-effect-std_2.13.jar",
          "hash" : "sha1:b40afad41bda79f7e51b30001aef1ff5f3f749c8"
        }
      ],
      "configurations" : [
        "compile",
        "runtime"
      ]
    },
    {
      "org" : "org.typelevel",
      "name" : "cats-effect-std_2.13",
      "version" : "3.5.1",
      "artifacts" : [
        {
          "name" : "cats-effect-std_2.13.jar",
          "hash" : "sha1:7bd68a5e117e9b89e7413d1326c48b56565cb6fc"
        }
      ],
      "configurations" : [
        "test"
      ]
    },
    {
      "org" : "org.typelevel",
      "name" : "cats-effect-testkit_2.13",
      "version" : "3.3.14",
      "artifacts" : [
        {
          "name" : "cats-effect-testkit_2.13.jar",
          "hash" : "sha1:a141541b2e31fb399cc6cfc6972e5a47cd26dd0a"
        }
      ],
      "configurations" : [
        "test"
      ]
    },
    {
      "org" : "org.typelevel",
      "name" : "cats-effect_2.13",
      "version" : "3.4.6",
      "artifacts" : [
        {
          "name" : "cats-effect_2.13.jar",
          "hash" : "sha1:0aecfc712b50e1b1aa3e5f02d6aa6ab65df848c0"
        }
      ],
      "configurations" : [
        "compile",
        "runtime",
        "test"
      ]
    },
    {
      "org" : "org.typelevel",
      "name" : "cats-free_2.13",
      "version" : "2.7.0",
      "artifacts" : [
        {
          "name" : "cats-free_2.13.jar",
          "hash" : "sha1:0bd60ec8f7a61571a8225a36556c68f75f3c851c"
        }
      ],
      "configurations" : [
        "test"
      ]
    },
    {
      "org" : "org.typelevel",
      "name" : "cats-kernel-laws_2.13",
      "version" : "2.7.0",
      "artifacts" : [
        {
          "name" : "cats-kernel-laws_2.13.jar",
          "hash" : "sha1:4ab49812d6efca16236ca106389e36b13a651a36"
        }
      ],
      "configurations" : [
        "test"
      ]
    },
    {
      "org" : "org.typelevel",
      "name" : "cats-kernel_2.13",
      "version" : "2.9.0",
      "artifacts" : [
        {
          "name" : "cats-kernel_2.13.jar",
          "hash" : "sha1:60d9c13a233d7dbff25cc1f07e4fa29c00bbd333"
        }
      ],
      "configurations" : [
        "compile",
        "runtime",
        "test"
      ]
    },
    {
      "org" : "org.typelevel",
      "name" : "cats-laws_2.13",
      "version" : "2.7.0",
      "artifacts" : [
        {
          "name" : "cats-laws_2.13.jar",
          "hash" : "sha1:01d2efaea3d507371590971c47c818115275ec5f"
        }
      ],
      "configurations" : [
        "test"
      ]
    },
    {
      "org" : "org.typelevel",
      "name" : "cats-mtl_2.13",
      "version" : "1.2.1",
      "artifacts" : [
        {
          "name" : "cats-mtl_2.13.jar",
          "hash" : "sha1:131711f1935f666bc1d4c5f9ba2fa253b41a3c97"
        }
      ],
      "configurations" : [
        "test"
      ]
    },
    {
      "org" : "org.typelevel",
      "name" : "coop_2.13",
      "version" : "1.1.1",
      "artifacts" : [
        {
          "name" : "coop_2.13.jar",
          "hash" : "sha1:0ed9441afe68997ecccc7e5bf47c80dceffbb862"
        }
      ],
      "configurations" : [
        "test"
      ]
    },
    {
      "org" : "org.typelevel",
      "name" : "discipline-core_2.13",
      "version" : "1.2.0",
      "artifacts" : [
        {
          "name" : "discipline-core_2.13.jar",
          "hash" : "sha1:eb1fedfa909b72813c06c3310870fcba137a83a1"
        }
      ],
      "configurations" : [
        "test"
      ]
    },
    {
      "org" : "org.typelevel",
      "name" : "jawn-parser_2.13",
      "version" : "1.5.1",
      "artifacts" : [
        {
          "name" : "jawn-parser_2.13.jar",
          "hash" : "sha1:09b1f7e52a186493c2cb1fe0d8d0220f0c266d9f"
        }
      ],
      "configurations" : [
        "compile",
        "runtime",
        "test"
      ]
    },
    {
      "org" : "org.typelevel",
      "name" : "literally_2.13",
      "version" : "1.1.0",
      "artifacts" : [
        {
          "name" : "literally_2.13.jar",
          "hash" : "sha1:cf9eb9bf5b0f9f970f5af286459573e8ebc86938"
        }
      ],
      "configurations" : [
        "compile",
        "runtime",
        "test"
      ]
    },
    {
      "org" : "org.typelevel",
      "name" : "simulacrum-scalafix-annotations_2.13",
      "version" : "0.5.4",
      "artifacts" : [
        {
          "name" : "simulacrum-scalafix-annotations_2.13.jar",
          "hash" : "sha1:38f341045dbd61f15a70a638aea3765842c340e1"
        }
      ],
      "configurations" : [
        "test"
      ]
    }
  ]
}